<?xml version="1.0" encoding="utf-8"?>
<Project ToolsVersion="4.0" xmlns="http://schemas.microsoft.com/developer/msbuild/2003">
  <ItemGroup>
    <Filter Include="include">
      <UniqueIdentifier>{93995380-89BD-4b04-88EB-625FBE52EBFB}</UniqueIdentifier>
      <Extensions>h;hpp;hxx;hm;inl;inc;xsd</Extensions>
    </Filter>
    <Filter Include="src">
      <UniqueIdentifier>{4FC737F1-C7A5-4376-A066-2A32D752A2FF}</UniqueIdentifier>
      <Extensions>cpp;c;cc;cxx;def;odl;idl;hpj;bat;asm;asmx</Extensions>
    </Filter>
    <Filter Include="src\ikpMP3">
      <UniqueIdentifier>{d9b5692d-ee4a-4d9f-ad16-6a09e3421cfb}</UniqueIdentifier>
    </Filter>
    <Filter Include="src\ikpMP3\decoder">
      <UniqueIdentifier>{a6c64da8-3bd6-460a-ac60-920fef0f469c}</UniqueIdentifier>
    </Filter>
  </ItemGroup>
  <ItemGroup>
    <ClInclude Include="..\include\ik_ESoundEngineOptions.h">
      <Filter>include</Filter>
    </ClInclude>
    <ClInclude Include="..\include\ik_ESoundOutputDrivers.h">
      <Filter>include</Filter>
    </ClInclude>
    <ClInclude Include="..\include\ik_EStreamModes.h">
      <Filter>include</Filter>
    </ClInclude>
    <ClInclude Include="..\include\ik_IAudioRecorder.h">
      <Filter>include</Filter>
    </ClInclude>
    <ClInclude Include="..\include\ik_IAudioStream.h">
      <Filter>include</Filter>
    </ClInclude>
    <ClInclude Include="..\include\ik_IAudioStreamLoader.h">
      <Filter>include</Filter>
    </ClInclude>
    <ClInclude Include="..\include\ik_IFileFactory.h">
      <Filter>include</Filter>
    </ClInclude>
    <ClInclude Include="..\include\ik_IFileReader.h">
      <Filter>include</Filter>
    </ClInclude>
    <ClInclude Include="..\include\ik_IRefCounted.h">
      <Filter>include</Filter>
    </ClInclude>
    <ClInclude Include="..\include\ik_irrKlangTypes.h">
      <Filter>include</Filter>
    </ClInclude>
    <ClInclude Include="..\include\ik_ISound.h">
      <Filter>include</Filter>
    </ClInclude>
    <ClInclude Include="..\include\ik_ISoundDeviceList.h">
      <Filter>include</Filter>
    </ClInclude>
    <ClInclude Include="..\include\ik_ISoundEffectControl.h">
      <Filter>include</Filter>
    </ClInclude>
    <ClInclude Include="..\include\ik_ISoundEngine.h">
      <Filter>include</Filter>
    </ClInclude>
    <ClInclude Include="..\include\ik_ISoundMixedOutputReceiver.h">
      <Filter>include</Filter>
    </ClInclude>
    <ClInclude Include="..\include\ik_ISoundSource.h">
      <Filter>include</Filter>
    </ClInclude>
    <ClInclude Include="..\include\ik_ISoundStopEventReceiver.h">
      <Filter>include</Filter>
    </ClInclude>
    <ClInclude Include="..\include\ik_IVirtualRefCounted.h">
      <Filter>include</Filter>
    </ClInclude>
    <ClInclude Include="..\include\ik_SAudioStreamFormat.h">
      <Filter>include</Filter>
    </ClInclude>
    <ClInclude Include="..\include\ik_vec3d.h">
      <Filter>include</Filter>
    </ClInclude>
    <ClInclude Include="..\include\irrKlang.h">
      <Filter>include</Filter>
    </ClInclude>
    <ClInclude Include="..\plugins\ikpMP3\CIrrKlangAudioStreamLoaderMP3.h">
      <Filter>src\ikpMP3</Filter>
    </ClInclude>
    <ClInclude Include="..\plugins\ikpMP3\CIrrKlangAudioStreamMP3.h">
      <Filter>src\ikpMP3</Filter>
    </ClInclude>
    <ClInclude Include="..\plugins\ikpMP3\decoder\internal.h">
      <Filter>src\ikpMP3\decoder</Filter>
    </ClInclude>
    <ClInclude Include="..\plugins\ikpMP3\decoder\mpaudec.h">
      <Filter>src\ikpMP3\decoder</Filter>
    </ClInclude>
    <ClInclude Include="..\plugins\ikpMP3\decoder\mpaudectab.h">
      <Filter>src\ikpMP3\decoder</Filter>
    </ClInclude>
    <ClInclude Include="..\plugins\ikpMP3\decoder\mpegaudio.h">
      <Filter>src\ikpMP3\decoder</Filter>
    </ClInclude>
  </ItemGroup>
  <ItemGroup>
    <ClCompile Include="..\plugins\ikpMP3\CIrrKlangAudioStreamLoaderMP3.cpp">
      <Filter>src\ikpMP3</Filter>
    </ClCompile>
    <ClCompile Include="..\plugins\ikpMP3\CIrrKlangAudioStreamMP3.cpp">
      <Filter>src\ikpMP3</Filter>
    </ClCompile>
    <ClCompile Include="..\plugins\ikpMP3\ikpMP3.cpp">
      <Filter>src\ikpMP3</Filter>
    </ClCompile>
    <ClCompile Include="..\plugins\ikpMP3\decoder\bits.c">
      <Filter>src\ikpMP3\decoder</Filter>
    </ClCompile>
    <ClCompile Include="..\plugins\ikpMP3\decoder\mpaudec.c">
      <Filter>src\ikpMP3\decoder</Filter>
    </ClCompile>
  </ItemGroup>
</Project>