<?xml version="1.0" encoding="utf-8"?>
<Project ToolsVersion="4.0" xmlns="http://schemas.microsoft.com/developer/msbuild/2003">
  <ItemGroup>
    <Filter Include="src">
      <UniqueIdentifier>{4FC737F1-C7A5-4376-A066-2A32D752A2FF}</UniqueIdentifier>
      <Extensions>cpp;c;cc;cxx;def;odl;idl;hpj;bat;asm;asmx</Extensions>
    </Filter>
    <Filter Include="src\Utils">
      <UniqueIdentifier>{b34d70ce-cbce-494c-bf0b-dee238631b7d}</UniqueIdentifier>
    </Filter>
  </ItemGroup>
  <ItemGroup>
    <ClInclude Include="..\..\src\Core\Common.h">
      <Filter>src</Filter>
    </ClInclude>
    <ClInclude Include="..\..\src\Core\Utils\Singleton.h">
      <Filter>src\Utils</Filter>
    </ClInclude>
  </ItemGroup>
</Project>