<?xml version="1.0" encoding="utf-8"?>
<Project ToolsVersion="4.0" xmlns="http://schemas.microsoft.com/developer/msbuild/2003">
  <ItemGroup>
    <Filter Include="src">
      <UniqueIdentifier>{4FC737F1-C7A5-4376-A066-2A32D752A2FF}</UniqueIdentifier>
      <Extensions>cpp;c;cc;cxx;def;odl;idl;hpj;bat;asm;asmx</Extensions>
    </Filter>
    <Filter Include="src\Sprite">
      <UniqueIdentifier>{d9be624f-8605-4193-b7ac-28f3c7d88a53}</UniqueIdentifier>
    </Filter>
    <Filter Include="src\Sound">
      <UniqueIdentifier>{26a73e51-7b0d-42ed-b422-58df4b974a2d}</UniqueIdentifier>
    </Filter>
    <Filter Include="src\SceneNode">
      <UniqueIdentifier>{e5dce4f3-dfa1-4c8e-8983-f1de34f5e863}</UniqueIdentifier>
    </Filter>
    <Filter Include="src\State">
      <UniqueIdentifier>{40b1603f-b15b-4b36-bb43-b885b1f81f51}</UniqueIdentifier>
    </Filter>
    <Filter Include="src\Input">
      <UniqueIdentifier>{1b52594b-975c-4dfc-b8ef-dae18170b3d4}</UniqueIdentifier>
    </Filter>
    <Filter Include="src\Menu">
      <UniqueIdentifier>{bc2b9079-49f2-424e-b780-0338f7f042b3}</UniqueIdentifier>
    </Filter>
    <Filter Include="src\Menu\Loading">
      <UniqueIdentifier>{1f3fd3e3-a750-4660-bda2-3cf62a455c95}</UniqueIdentifier>
    </Filter>
  </ItemGroup>
  <ItemGroup>
    <ClCompile Include="..\src\HelloWorld.cpp">
      <Filter>src</Filter>
    </ClCompile>
    <ClCompile Include="..\src\Sprite\SimpleSprite.cpp">
      <Filter>src\Sprite</Filter>
    </ClCompile>
    <ClCompile Include="..\src\Sound\Sound.cpp">
      <Filter>src\Sound</Filter>
    </ClCompile>
    <ClCompile Include="..\src\Sound\SoundManager.cpp">
      <Filter>src\Sound</Filter>
    </ClCompile>
    <ClCompile Include="..\src\Game.cpp">
      <Filter>src</Filter>
    </ClCompile>
    <ClCompile Include="..\src\SceneNode\SceneNode.cpp">
      <Filter>src\SceneNode</Filter>
    </ClCompile>
    <ClCompile Include="..\src\State\State.cpp">
      <Filter>src\State</Filter>
    </ClCompile>
    <ClCompile Include="..\src\Source.cpp">
      <Filter>src</Filter>
    </ClCompile>
    <ClCompile Include="..\src\App.cpp">
      <Filter>src</Filter>
    </ClCompile>
    <ClCompile Include="..\src\State\StateMgr.cpp">
      <Filter>src\State</Filter>
    </ClCompile>
    <ClCompile Include="..\src\State\LoadingState.cpp">
      <Filter>src\State</Filter>
    </ClCompile>
    <ClCompile Include="..\src\Input\EventMgr.cpp">
      <Filter>src\Input</Filter>
    </ClCompile>
    <ClCompile Include="..\src\Menu\Menu.cpp">
      <Filter>src\Menu</Filter>
    </ClCompile>
    <ClCompile Include="..\src\Menu\MenuMgr.cpp">
      <Filter>src\Menu</Filter>
    </ClCompile>
    <ClCompile Include="..\src\Menu\LoadingMenu.cpp">
      <Filter>src\Menu\Loading</Filter>
    </ClCompile>
  </ItemGroup>
  <ItemGroup>
    <ClInclude Include="..\src\Sprite\SimpleSprite.h">
      <Filter>src\Sprite</Filter>
    </ClInclude>
    <ClInclude Include="..\src\Sound\Sound.h">
      <Filter>src\Sound</Filter>
    </ClInclude>
    <ClInclude Include="..\src\Sound\SoundManager.h">
      <Filter>src\Sound</Filter>
    </ClInclude>
    <ClInclude Include="..\src\Game.h">
      <Filter>src</Filter>
    </ClInclude>
    <ClInclude Include="..\src\SceneNode\SceneNode.h">
      <Filter>src\SceneNode</Filter>
    </ClInclude>
    <ClInclude Include="..\src\State\State.h">
      <Filter>src\State</Filter>
    </ClInclude>
    <ClInclude Include="..\src\App.h">
      <Filter>src</Filter>
    </ClInclude>
    <ClInclude Include="..\src\State\StateMgr.h">
      <Filter>src\State</Filter>
    </ClInclude>
    <ClInclude Include="..\src\State\LoadingState.h">
      <Filter>src\State</Filter>
    </ClInclude>
    <ClInclude Include="..\src\Input\EventMgr.h">
      <Filter>src\Input</Filter>
    </ClInclude>
    <ClInclude Include="..\src\Menu\Menu.h">
      <Filter>src\Menu</Filter>
    </ClInclude>
    <ClInclude Include="..\src\Menu\MenuMgr.h">
      <Filter>src\Menu</Filter>
    </ClInclude>
    <ClInclude Include="..\src\Menu\LoadingMenu.h">
      <Filter>src\Menu\Loading</Filter>
    </ClInclude>
  </ItemGroup>
</Project>