<?xml version="1.0" encoding="utf-8"?>
<Project ToolsVersion="4.0" xmlns="http://schemas.microsoft.com/developer/msbuild/2003">
  <ItemGroup>
    <Filter Include="include">
      <UniqueIdentifier>{93995380-89BD-4b04-88EB-625FBE52EBFB}</UniqueIdentifier>
      <Extensions>h;hpp;hxx;hm;inl;inc;xsd</Extensions>
    </Filter>
    <Filter Include="src">
      <UniqueIdentifier>{4FC737F1-C7A5-4376-A066-2A32D752A2FF}</UniqueIdentifier>
      <Extensions>cpp;c;cc;cxx;def;odl;idl;hpj;bat;asm;asmx</Extensions>
    </Filter>
    <Filter Include="src\Collision">
      <UniqueIdentifier>{56910303-2b66-4f34-b950-6e5626d268d6}</UniqueIdentifier>
    </Filter>
    <Filter Include="src\Collision\Shapes">
      <UniqueIdentifier>{b2ec6f89-47e5-4dfa-a0a8-60faf76741b4}</UniqueIdentifier>
    </Filter>
    <Filter Include="src\Common">
      <UniqueIdentifier>{99b0386a-cb52-4fc2-9154-94338c1aef0c}</UniqueIdentifier>
    </Filter>
    <Filter Include="src\Dynamics">
      <UniqueIdentifier>{8bf8326b-f8dd-4bee-90cb-dea4ebdc2d6c}</UniqueIdentifier>
    </Filter>
    <Filter Include="src\Dynamics\Contacts">
      <UniqueIdentifier>{9adb84d8-938c-4586-8d94-4fbd37bccfd7}</UniqueIdentifier>
    </Filter>
    <Filter Include="src\Dynamics\Joints">
      <UniqueIdentifier>{97514432-5e84-4642-b3b1-01d370d5e30f}</UniqueIdentifier>
    </Filter>
    <Filter Include="src\Rope">
      <UniqueIdentifier>{32cefb07-e49a-4066-93ba-fba314c6ccca}</UniqueIdentifier>
    </Filter>
  </ItemGroup>
  <ItemGroup>
    <ClInclude Include="..\src\Box2D.h">
      <Filter>include</Filter>
    </ClInclude>
    <ClInclude Include="..\src\Collision\b2BroadPhase.h">
      <Filter>src\Collision</Filter>
    </ClInclude>
    <ClInclude Include="..\src\Collision\b2Collision.h">
      <Filter>src\Collision</Filter>
    </ClInclude>
    <ClInclude Include="..\src\Collision\b2Distance.h">
      <Filter>src\Collision</Filter>
    </ClInclude>
    <ClInclude Include="..\src\Collision\b2DynamicTree.h">
      <Filter>src\Collision</Filter>
    </ClInclude>
    <ClInclude Include="..\src\Collision\b2TimeOfImpact.h">
      <Filter>src\Collision</Filter>
    </ClInclude>
    <ClInclude Include="..\src\Collision\Shapes\b2ChainShape.h">
      <Filter>src\Collision\Shapes</Filter>
    </ClInclude>
    <ClInclude Include="..\src\Collision\Shapes\b2CircleShape.h">
      <Filter>src\Collision\Shapes</Filter>
    </ClInclude>
    <ClInclude Include="..\src\Collision\Shapes\b2EdgeShape.h">
      <Filter>src\Collision\Shapes</Filter>
    </ClInclude>
    <ClInclude Include="..\src\Collision\Shapes\b2PolygonShape.h">
      <Filter>src\Collision\Shapes</Filter>
    </ClInclude>
    <ClInclude Include="..\src\Collision\Shapes\b2Shape.h">
      <Filter>src\Collision\Shapes</Filter>
    </ClInclude>
    <ClInclude Include="..\src\Common\b2BlockAllocator.h">
      <Filter>src\Common</Filter>
    </ClInclude>
    <ClInclude Include="..\src\Common\b2Draw.h">
      <Filter>src\Common</Filter>
    </ClInclude>
    <ClInclude Include="..\src\Common\b2GrowableStack.h">
      <Filter>src\Common</Filter>
    </ClInclude>
    <ClInclude Include="..\src\Common\b2Math.h">
      <Filter>src\Common</Filter>
    </ClInclude>
    <ClInclude Include="..\src\Common\b2Settings.h">
      <Filter>src\Common</Filter>
    </ClInclude>
    <ClInclude Include="..\src\Common\b2StackAllocator.h">
      <Filter>src\Common</Filter>
    </ClInclude>
    <ClInclude Include="..\src\Common\b2Timer.h">
      <Filter>src\Common</Filter>
    </ClInclude>
    <ClInclude Include="..\src\Dynamics\b2Body.h">
      <Filter>src\Dynamics</Filter>
    </ClInclude>
    <ClInclude Include="..\src\Dynamics\b2ContactManager.h">
      <Filter>src\Dynamics</Filter>
    </ClInclude>
    <ClInclude Include="..\src\Dynamics\b2Fixture.h">
      <Filter>src\Dynamics</Filter>
    </ClInclude>
    <ClInclude Include="..\src\Dynamics\b2Island.h">
      <Filter>src\Dynamics</Filter>
    </ClInclude>
    <ClInclude Include="..\src\Dynamics\b2TimeStep.h">
      <Filter>src\Dynamics</Filter>
    </ClInclude>
    <ClInclude Include="..\src\Dynamics\b2World.h">
      <Filter>src\Dynamics</Filter>
    </ClInclude>
    <ClInclude Include="..\src\Dynamics\b2WorldCallbacks.h">
      <Filter>src\Dynamics</Filter>
    </ClInclude>
    <ClInclude Include="..\src\Dynamics\Contacts\b2ChainAndCircleContact.h">
      <Filter>src\Dynamics\Contacts</Filter>
    </ClInclude>
    <ClInclude Include="..\src\Dynamics\Contacts\b2ChainAndPolygonContact.h">
      <Filter>src\Dynamics\Contacts</Filter>
    </ClInclude>
    <ClInclude Include="..\src\Dynamics\Contacts\b2CircleContact.h">
      <Filter>src\Dynamics\Contacts</Filter>
    </ClInclude>
    <ClInclude Include="..\src\Dynamics\Contacts\b2Contact.h">
      <Filter>src\Dynamics\Contacts</Filter>
    </ClInclude>
    <ClInclude Include="..\src\Dynamics\Contacts\b2ContactSolver.h">
      <Filter>src\Dynamics\Contacts</Filter>
    </ClInclude>
    <ClInclude Include="..\src\Dynamics\Contacts\b2EdgeAndCircleContact.h">
      <Filter>src\Dynamics\Contacts</Filter>
    </ClInclude>
    <ClInclude Include="..\src\Dynamics\Contacts\b2EdgeAndPolygonContact.h">
      <Filter>src\Dynamics\Contacts</Filter>
    </ClInclude>
    <ClInclude Include="..\src\Dynamics\Contacts\b2PolygonAndCircleContact.h">
      <Filter>src\Dynamics\Contacts</Filter>
    </ClInclude>
    <ClInclude Include="..\src\Dynamics\Contacts\b2PolygonContact.h">
      <Filter>src\Dynamics\Contacts</Filter>
    </ClInclude>
    <ClInclude Include="..\src\Dynamics\Joints\b2DistanceJoint.h">
      <Filter>src\Dynamics\Joints</Filter>
    </ClInclude>
    <ClInclude Include="..\src\Dynamics\Joints\b2FrictionJoint.h">
      <Filter>src\Dynamics\Joints</Filter>
    </ClInclude>
    <ClInclude Include="..\src\Dynamics\Joints\b2GearJoint.h">
      <Filter>src\Dynamics\Joints</Filter>
    </ClInclude>
    <ClInclude Include="..\src\Dynamics\Joints\b2Joint.h">
      <Filter>src\Dynamics\Joints</Filter>
    </ClInclude>
    <ClInclude Include="..\src\Dynamics\Joints\b2MotorJoint.h">
      <Filter>src\Dynamics\Joints</Filter>
    </ClInclude>
    <ClInclude Include="..\src\Dynamics\Joints\b2MouseJoint.h">
      <Filter>src\Dynamics\Joints</Filter>
    </ClInclude>
    <ClInclude Include="..\src\Dynamics\Joints\b2PrismaticJoint.h">
      <Filter>src\Dynamics\Joints</Filter>
    </ClInclude>
    <ClInclude Include="..\src\Dynamics\Joints\b2PulleyJoint.h">
      <Filter>src\Dynamics\Joints</Filter>
    </ClInclude>
    <ClInclude Include="..\src\Dynamics\Joints\b2RevoluteJoint.h">
      <Filter>src\Dynamics\Joints</Filter>
    </ClInclude>
    <ClInclude Include="..\src\Dynamics\Joints\b2RopeJoint.h">
      <Filter>src\Dynamics\Joints</Filter>
    </ClInclude>
    <ClInclude Include="..\src\Dynamics\Joints\b2WeldJoint.h">
      <Filter>src\Dynamics\Joints</Filter>
    </ClInclude>
    <ClInclude Include="..\src\Dynamics\Joints\b2WheelJoint.h">
      <Filter>src\Dynamics\Joints</Filter>
    </ClInclude>
    <ClInclude Include="..\src\Rope\b2Rope.h">
      <Filter>src\Rope</Filter>
    </ClInclude>
  </ItemGroup>
  <ItemGroup>
    <ClCompile Include="..\src\Collision\b2BroadPhase.cpp">
      <Filter>src\Collision</Filter>
    </ClCompile>
    <ClCompile Include="..\src\Collision\b2CollideCircle.cpp">
      <Filter>src\Collision</Filter>
    </ClCompile>
    <ClCompile Include="..\src\Collision\b2CollideEdge.cpp">
      <Filter>src\Collision</Filter>
    </ClCompile>
    <ClCompile Include="..\src\Collision\b2CollidePolygon.cpp">
      <Filter>src\Collision</Filter>
    </ClCompile>
    <ClCompile Include="..\src\Collision\b2Collision.cpp">
      <Filter>src\Collision</Filter>
    </ClCompile>
    <ClCompile Include="..\src\Collision\b2Distance.cpp">
      <Filter>src\Collision</Filter>
    </ClCompile>
    <ClCompile Include="..\src\Collision\b2DynamicTree.cpp">
      <Filter>src\Collision</Filter>
    </ClCompile>
    <ClCompile Include="..\src\Collision\b2TimeOfImpact.cpp">
      <Filter>src\Collision</Filter>
    </ClCompile>
    <ClCompile Include="..\src\Collision\Shapes\b2ChainShape.cpp">
      <Filter>src\Collision\Shapes</Filter>
    </ClCompile>
    <ClCompile Include="..\src\Collision\Shapes\b2CircleShape.cpp">
      <Filter>src\Collision\Shapes</Filter>
    </ClCompile>
    <ClCompile Include="..\src\Collision\Shapes\b2EdgeShape.cpp">
      <Filter>src\Collision\Shapes</Filter>
    </ClCompile>
    <ClCompile Include="..\src\Collision\Shapes\b2PolygonShape.cpp">
      <Filter>src\Collision\Shapes</Filter>
    </ClCompile>
    <ClCompile Include="..\src\Common\b2BlockAllocator.cpp">
      <Filter>src\Common</Filter>
    </ClCompile>
    <ClCompile Include="..\src\Common\b2Draw.cpp">
      <Filter>src\Common</Filter>
    </ClCompile>
    <ClCompile Include="..\src\Common\b2Math.cpp">
      <Filter>src\Common</Filter>
    </ClCompile>
    <ClCompile Include="..\src\Common\b2Settings.cpp">
      <Filter>src\Common</Filter>
    </ClCompile>
    <ClCompile Include="..\src\Common\b2StackAllocator.cpp">
      <Filter>src\Common</Filter>
    </ClCompile>
    <ClCompile Include="..\src\Common\b2Timer.cpp">
      <Filter>src\Common</Filter>
    </ClCompile>
    <ClCompile Include="..\src\Dynamics\b2Body.cpp">
      <Filter>src\Dynamics</Filter>
    </ClCompile>
    <ClCompile Include="..\src\Dynamics\b2ContactManager.cpp">
      <Filter>src\Dynamics</Filter>
    </ClCompile>
    <ClCompile Include="..\src\Dynamics\b2Fixture.cpp">
      <Filter>src\Dynamics</Filter>
    </ClCompile>
    <ClCompile Include="..\src\Dynamics\b2Island.cpp">
      <Filter>src\Dynamics</Filter>
    </ClCompile>
    <ClCompile Include="..\src\Dynamics\b2World.cpp">
      <Filter>src\Dynamics</Filter>
    </ClCompile>
    <ClCompile Include="..\src\Dynamics\b2WorldCallbacks.cpp">
      <Filter>src\Dynamics</Filter>
    </ClCompile>
    <ClCompile Include="..\src\Dynamics\Contacts\b2ChainAndCircleContact.cpp">
      <Filter>src\Dynamics\Contacts</Filter>
    </ClCompile>
    <ClCompile Include="..\src\Dynamics\Contacts\b2ChainAndPolygonContact.cpp">
      <Filter>src\Dynamics\Contacts</Filter>
    </ClCompile>
    <ClCompile Include="..\src\Dynamics\Contacts\b2CircleContact.cpp">
      <Filter>src\Dynamics\Contacts</Filter>
    </ClCompile>
    <ClCompile Include="..\src\Dynamics\Contacts\b2Contact.cpp">
      <Filter>src\Dynamics\Contacts</Filter>
    </ClCompile>
    <ClCompile Include="..\src\Dynamics\Contacts\b2ContactSolver.cpp">
      <Filter>src\Dynamics\Contacts</Filter>
    </ClCompile>
    <ClCompile Include="..\src\Dynamics\Contacts\b2EdgeAndCircleContact.cpp">
      <Filter>src\Dynamics\Contacts</Filter>
    </ClCompile>
    <ClCompile Include="..\src\Dynamics\Contacts\b2EdgeAndPolygonContact.cpp">
      <Filter>src\Dynamics\Contacts</Filter>
    </ClCompile>
    <ClCompile Include="..\src\Dynamics\Contacts\b2PolygonAndCircleContact.cpp">
      <Filter>src\Dynamics\Contacts</Filter>
    </ClCompile>
    <ClCompile Include="..\src\Dynamics\Contacts\b2PolygonContact.cpp">
      <Filter>src\Dynamics\Contacts</Filter>
    </ClCompile>
    <ClCompile Include="..\src\Dynamics\Joints\b2DistanceJoint.cpp">
      <Filter>src\Dynamics\Joints</Filter>
    </ClCompile>
    <ClCompile Include="..\src\Dynamics\Joints\b2FrictionJoint.cpp">
      <Filter>src\Dynamics\Joints</Filter>
    </ClCompile>
    <ClCompile Include="..\src\Dynamics\Joints\b2GearJoint.cpp">
      <Filter>src\Dynamics\Joints</Filter>
    </ClCompile>
    <ClCompile Include="..\src\Dynamics\Joints\b2Joint.cpp">
      <Filter>src\Dynamics\Joints</Filter>
    </ClCompile>
    <ClCompile Include="..\src\Dynamics\Joints\b2MotorJoint.cpp">
      <Filter>src\Dynamics\Joints</Filter>
    </ClCompile>
    <ClCompile Include="..\src\Dynamics\Joints\b2MouseJoint.cpp">
      <Filter>src\Dynamics\Joints</Filter>
    </ClCompile>
    <ClCompile Include="..\src\Dynamics\Joints\b2PrismaticJoint.cpp">
      <Filter>src\Dynamics\Joints</Filter>
    </ClCompile>
    <ClCompile Include="..\src\Dynamics\Joints\b2PulleyJoint.cpp">
      <Filter>src\Dynamics\Joints</Filter>
    </ClCompile>
    <ClCompile Include="..\src\Dynamics\Joints\b2RevoluteJoint.cpp">
      <Filter>src\Dynamics\Joints</Filter>
    </ClCompile>
    <ClCompile Include="..\src\Dynamics\Joints\b2RopeJoint.cpp">
      <Filter>src\Dynamics\Joints</Filter>
    </ClCompile>
    <ClCompile Include="..\src\Dynamics\Joints\b2WeldJoint.cpp">
      <Filter>src\Dynamics\Joints</Filter>
    </ClCompile>
    <ClCompile Include="..\src\Dynamics\Joints\b2WheelJoint.cpp">
      <Filter>src\Dynamics\Joints</Filter>
    </ClCompile>
    <ClCompile Include="..\src\Rope\b2Rope.cpp">
      <Filter>src\Rope</Filter>
    </ClCompile>
  </ItemGroup>
</Project>