
Microsoft Visual Studio Solution File, Format Version 12.00
# Visual Studio Express 2012 for Windows Desktop
Project("{8BC9CEB8-8B4A-11D0-8D11-00A0C91BC942}") = "Box2D_2012", "Box2D_2012.vcxproj", "{BA685CEA-F43A-404F-B2F9-A3C016AB1953}"
EndProject
Global
	GlobalSection(SolutionConfigurationPlatforms) = preSolution
		Debug|Win32 = Debug|Win32
		Release|Win32 = Release|Win32
	EndGlobalSection
	GlobalSection(ProjectConfigurationPlatforms) = postSolution
		{BA685CEA-F43A-404F-B2F9-A3C016AB1953}.Debug|Win32.ActiveCfg = Debug|Win32
		{BA685CEA-F43A-404F-B2F9-A3C016AB1953}.Debug|Win32.Build.0 = Debug|Win32
		{BA685CEA-F43A-404F-B2F9-A3C016AB1953}.Release|Win32.ActiveCfg = Release|Win32
		{BA685CEA-F43A-404F-B2F9-A3C016AB1953}.Release|Win32.Build.0 = Release|Win32
	EndGlobalSection
	GlobalSection(SolutionProperties) = preSolution
		HideSolutionNode = FALSE
	EndGlobalSection
EndGlobal
