<?xml version="1.0" encoding="utf-8"?>
<Project ToolsVersion="4.0" xmlns="http://schemas.microsoft.com/developer/msbuild/2003">
  <ItemGroup>
    <Filter Include="src">
      <UniqueIdentifier>{4FC737F1-C7A5-4376-A066-2A32D752A2FF}</UniqueIdentifier>
      <Extensions>cpp;c;cc;cxx;def;odl;idl;hpj;bat;asm;asmx</Extensions>
    </Filter>
    <Filter Include="src\libpng">
      <UniqueIdentifier>{1db90c8e-f8e5-4151-8a78-dcf78af3bd70}</UniqueIdentifier>
    </Filter>
    <Filter Include="src\lzma">
      <UniqueIdentifier>{4383f9a5-b31c-4690-85a0-4a2774050382}</UniqueIdentifier>
    </Filter>
    <Filter Include="src\jpeglib">
      <UniqueIdentifier>{34c1122d-1de3-444e-a151-355c5db0f83e}</UniqueIdentifier>
    </Filter>
    <Filter Include="src\zlib">
      <UniqueIdentifier>{0c100d1b-c467-45a2-b523-0b6087eb93a6}</UniqueIdentifier>
    </Filter>
    <Filter Include="src\aesGladman">
      <UniqueIdentifier>{882dc76c-a4be-42fa-b2f4-ef63bdc8b3d3}</UniqueIdentifier>
    </Filter>
    <Filter Include="src\bzip2">
      <UniqueIdentifier>{4a9faeb9-2eff-4924-b3ff-9096f68bd518}</UniqueIdentifier>
    </Filter>
    <Filter Include="src\irrLicht">
      <UniqueIdentifier>{6204f2e0-07b0-48ed-9b03-7f3b32cc9fd5}</UniqueIdentifier>
    </Filter>
    <Filter Include="src\irrLicht\gui">
      <UniqueIdentifier>{5e36f24f-4f12-47d9-8d02-e0c444455d76}</UniqueIdentifier>
    </Filter>
    <Filter Include="src\irrLicht\io">
      <UniqueIdentifier>{34dbf794-9ac8-41be-becd-8f17d0ef2eed}</UniqueIdentifier>
    </Filter>
    <Filter Include="src\irrLicht\irr">
      <UniqueIdentifier>{972babaf-01f1-406b-818e-4f175ab8c4a0}</UniqueIdentifier>
    </Filter>
    <Filter Include="src\irrLicht\irr\device">
      <UniqueIdentifier>{fe3cc12c-1d07-4506-b971-447dfafe3823}</UniqueIdentifier>
    </Filter>
    <Filter Include="src\irrLicht\irr\extern">
      <UniqueIdentifier>{69958513-2db7-4b3f-83c1-962c3495a79d}</UniqueIdentifier>
    </Filter>
    <Filter Include="src\irrLicht\scene">
      <UniqueIdentifier>{ac009f0b-2c68-40c2-bdf9-f4ce0de8926c}</UniqueIdentifier>
    </Filter>
    <Filter Include="src\irrLicht\scene\animators">
      <UniqueIdentifier>{33f360a7-f787-47ec-8806-f9492def3154}</UniqueIdentifier>
    </Filter>
    <Filter Include="src\irrLicht\scene\collision">
      <UniqueIdentifier>{257fefe8-480b-462d-aff5-c17857d0ad80}</UniqueIdentifier>
    </Filter>
    <Filter Include="src\irrLicht\scene\loaders">
      <UniqueIdentifier>{e92f39bb-27f2-442e-b86c-68cffe6411a0}</UniqueIdentifier>
    </Filter>
    <Filter Include="src\irrLicht\scene\particleSystem">
      <UniqueIdentifier>{552d47f9-31e7-4452-a437-9ba9e04daf12}</UniqueIdentifier>
    </Filter>
    <Filter Include="src\irrLicht\scene\writers">
      <UniqueIdentifier>{be01867e-b882-48b9-804d-cfe84f286802}</UniqueIdentifier>
    </Filter>
    <Filter Include="src\irrLicht\scene\sceneNodes">
      <UniqueIdentifier>{1ac82e89-f0a7-4396-86e2-c70a1a19831e}</UniqueIdentifier>
    </Filter>
    <Filter Include="src\irrLicht\video">
      <UniqueIdentifier>{d0adb622-8a0d-4a7d-958c-77f16c99c219}</UniqueIdentifier>
    </Filter>
    <Filter Include="src\irrLicht\video\BurningVideo">
      <UniqueIdentifier>{9461c730-f6cb-45aa-99de-61bb28204a4c}</UniqueIdentifier>
    </Filter>
    <Filter Include="src\irrLicht\video\Direct3D8">
      <UniqueIdentifier>{fa63a22e-c228-469a-83b5-2b0b7f73c0ae}</UniqueIdentifier>
    </Filter>
    <Filter Include="src\irrLicht\video\Direct3D9">
      <UniqueIdentifier>{aa793356-ba6b-4044-b7b5-f83b3f650d18}</UniqueIdentifier>
    </Filter>
    <Filter Include="src\irrLicht\video\Null">
      <UniqueIdentifier>{35d16ec4-5764-461a-850c-65edb06ad90d}</UniqueIdentifier>
    </Filter>
    <Filter Include="src\irrLicht\video\Null\Loader">
      <UniqueIdentifier>{6aaf9180-fbc9-4607-94a6-62acfe539e14}</UniqueIdentifier>
    </Filter>
    <Filter Include="src\irrLicht\video\Null\Writer">
      <UniqueIdentifier>{90bf12de-d747-4390-b2c5-2222884a2c65}</UniqueIdentifier>
    </Filter>
    <Filter Include="src\irrLicht\video\OpenGL">
      <UniqueIdentifier>{057f7b78-ef39-4ba5-8703-e38e4d812b80}</UniqueIdentifier>
    </Filter>
    <Filter Include="src\irrLicht\video\Software">
      <UniqueIdentifier>{c9de0c16-af39-400f-81ac-8e59acea0915}</UniqueIdentifier>
    </Filter>
    <Filter Include="include">
      <UniqueIdentifier>{93995380-89BD-4b04-88EB-625FBE52EBFB}</UniqueIdentifier>
      <Extensions>h;hpp;hxx;hm;inl;inc;xsd</Extensions>
    </Filter>
    <Filter Include="include\core">
      <UniqueIdentifier>{65f9e0a8-9f7d-46b0-b221-418f78a4e169}</UniqueIdentifier>
    </Filter>
    <Filter Include="include\gui">
      <UniqueIdentifier>{014c611c-deef-44f3-9efb-28def22fa701}</UniqueIdentifier>
    </Filter>
    <Filter Include="include\io">
      <UniqueIdentifier>{9178e0ce-bcd4-4b8f-b44d-8483b69bce66}</UniqueIdentifier>
    </Filter>
    <Filter Include="include\scene">
      <UniqueIdentifier>{59273395-8ed3-4235-977f-2b3adf1ae664}</UniqueIdentifier>
    </Filter>
    <Filter Include="include\video">
      <UniqueIdentifier>{ba3b5435-43c0-4761-8e44-6bb29a5e7f68}</UniqueIdentifier>
    </Filter>
  </ItemGroup>
  <ItemGroup>
    <ClCompile Include="..\src\libpng\png.c">
      <Filter>src\libpng</Filter>
    </ClCompile>
    <ClCompile Include="..\src\libpng\pngerror.c">
      <Filter>src\libpng</Filter>
    </ClCompile>
    <ClCompile Include="..\src\libpng\pngget.c">
      <Filter>src\libpng</Filter>
    </ClCompile>
    <ClCompile Include="..\src\libpng\pngmem.c">
      <Filter>src\libpng</Filter>
    </ClCompile>
    <ClCompile Include="..\src\libpng\pngpread.c">
      <Filter>src\libpng</Filter>
    </ClCompile>
    <ClCompile Include="..\src\libpng\pngread.c">
      <Filter>src\libpng</Filter>
    </ClCompile>
    <ClCompile Include="..\src\libpng\pngrio.c">
      <Filter>src\libpng</Filter>
    </ClCompile>
    <ClCompile Include="..\src\libpng\pngrtran.c">
      <Filter>src\libpng</Filter>
    </ClCompile>
    <ClCompile Include="..\src\libpng\pngrutil.c">
      <Filter>src\libpng</Filter>
    </ClCompile>
    <ClCompile Include="..\src\libpng\pngset.c">
      <Filter>src\libpng</Filter>
    </ClCompile>
    <ClCompile Include="..\src\libpng\pngtrans.c">
      <Filter>src\libpng</Filter>
    </ClCompile>
    <ClCompile Include="..\src\libpng\pngwio.c">
      <Filter>src\libpng</Filter>
    </ClCompile>
    <ClCompile Include="..\src\libpng\pngwrite.c">
      <Filter>src\libpng</Filter>
    </ClCompile>
    <ClCompile Include="..\src\libpng\pngwtran.c">
      <Filter>src\libpng</Filter>
    </ClCompile>
    <ClCompile Include="..\src\libpng\pngwutil.c">
      <Filter>src\libpng</Filter>
    </ClCompile>
    <ClCompile Include="..\src\lzma\LzmaDec.c">
      <Filter>src\lzma</Filter>
    </ClCompile>
    <ClCompile Include="..\src\zlib\adler32.c">
      <Filter>src\zlib</Filter>
    </ClCompile>
    <ClCompile Include="..\src\zlib\compress.c">
      <Filter>src\zlib</Filter>
    </ClCompile>
    <ClCompile Include="..\src\zlib\crc32.c">
      <Filter>src\zlib</Filter>
    </ClCompile>
    <ClCompile Include="..\src\zlib\deflate.c">
      <Filter>src\zlib</Filter>
    </ClCompile>
    <ClCompile Include="..\src\zlib\gzclose.c">
      <Filter>src\zlib</Filter>
    </ClCompile>
    <ClCompile Include="..\src\zlib\gzlib.c">
      <Filter>src\zlib</Filter>
    </ClCompile>
    <ClCompile Include="..\src\zlib\gzread.c">
      <Filter>src\zlib</Filter>
    </ClCompile>
    <ClCompile Include="..\src\zlib\gzwrite.c">
      <Filter>src\zlib</Filter>
    </ClCompile>
    <ClCompile Include="..\src\zlib\infback.c">
      <Filter>src\zlib</Filter>
    </ClCompile>
    <ClCompile Include="..\src\zlib\inffast.c">
      <Filter>src\zlib</Filter>
    </ClCompile>
    <ClCompile Include="..\src\zlib\inflate.c">
      <Filter>src\zlib</Filter>
    </ClCompile>
    <ClCompile Include="..\src\zlib\inftrees.c">
      <Filter>src\zlib</Filter>
    </ClCompile>
    <ClCompile Include="..\src\zlib\trees.c">
      <Filter>src\zlib</Filter>
    </ClCompile>
    <ClCompile Include="..\src\zlib\uncompr.c">
      <Filter>src\zlib</Filter>
    </ClCompile>
    <ClCompile Include="..\src\zlib\zutil.c">
      <Filter>src\zlib</Filter>
    </ClCompile>
    <ClCompile Include="..\src\aesGladman\aescrypt.cpp">
      <Filter>src\aesGladman</Filter>
    </ClCompile>
    <ClCompile Include="..\src\aesGladman\aeskey.cpp">
      <Filter>src\aesGladman</Filter>
    </ClCompile>
    <ClCompile Include="..\src\aesGladman\aestab.cpp">
      <Filter>src\aesGladman</Filter>
    </ClCompile>
    <ClCompile Include="..\src\aesGladman\fileenc.cpp">
      <Filter>src\aesGladman</Filter>
    </ClCompile>
    <ClCompile Include="..\src\aesGladman\hmac.cpp">
      <Filter>src\aesGladman</Filter>
    </ClCompile>
    <ClCompile Include="..\src\aesGladman\prng.cpp">
      <Filter>src\aesGladman</Filter>
    </ClCompile>
    <ClCompile Include="..\src\aesGladman\pwd2key.cpp">
      <Filter>src\aesGladman</Filter>
    </ClCompile>
    <ClCompile Include="..\src\aesGladman\sha1.cpp">
      <Filter>src\aesGladman</Filter>
    </ClCompile>
    <ClCompile Include="..\src\aesGladman\sha2.cpp">
      <Filter>src\aesGladman</Filter>
    </ClCompile>
    <ClCompile Include="..\src\irrLicht\io\CAttributes.cpp">
      <Filter>src\irrLicht\io</Filter>
    </ClCompile>
    <ClCompile Include="..\src\irrLicht\io\CFileList.cpp">
      <Filter>src\irrLicht\io</Filter>
    </ClCompile>
    <ClCompile Include="..\src\irrLicht\io\CFileSystem.cpp">
      <Filter>src\irrLicht\io</Filter>
    </ClCompile>
    <ClCompile Include="..\src\irrLicht\io\CLimitReadFile.cpp">
      <Filter>src\irrLicht\io</Filter>
    </ClCompile>
    <ClCompile Include="..\src\irrLicht\io\CMemoryFile.cpp">
      <Filter>src\irrLicht\io</Filter>
    </ClCompile>
    <ClCompile Include="..\src\irrLicht\io\CMountPointReader.cpp">
      <Filter>src\irrLicht\io</Filter>
    </ClCompile>
    <ClCompile Include="..\src\irrLicht\io\CNPKReader.cpp">
      <Filter>src\irrLicht\io</Filter>
    </ClCompile>
    <ClCompile Include="..\src\irrLicht\io\CPakReader.cpp">
      <Filter>src\irrLicht\io</Filter>
    </ClCompile>
    <ClCompile Include="..\src\irrLicht\io\CReadFile.cpp">
      <Filter>src\irrLicht\io</Filter>
    </ClCompile>
    <ClCompile Include="..\src\irrLicht\io\CTarReader.cpp">
      <Filter>src\irrLicht\io</Filter>
    </ClCompile>
    <ClCompile Include="..\src\irrLicht\io\CWADReader.cpp">
      <Filter>src\irrLicht\io</Filter>
    </ClCompile>
    <ClCompile Include="..\src\irrLicht\io\CWriteFile.cpp">
      <Filter>src\irrLicht\io</Filter>
    </ClCompile>
    <ClCompile Include="..\src\irrLicht\io\CXMLReader.cpp">
      <Filter>src\irrLicht\io</Filter>
    </ClCompile>
    <ClCompile Include="..\src\irrLicht\io\CXMLWriter.cpp">
      <Filter>src\irrLicht\io</Filter>
    </ClCompile>
    <ClCompile Include="..\src\irrLicht\io\CZipReader.cpp">
      <Filter>src\irrLicht\io</Filter>
    </ClCompile>
    <ClCompile Include="..\src\irrLicht\io\irrXML.cpp">
      <Filter>src\irrLicht\io</Filter>
    </ClCompile>
    <ClCompile Include="..\src\irrLicht\irr\CLogger.cpp">
      <Filter>src\irrLicht\irr</Filter>
    </ClCompile>
    <ClCompile Include="..\src\irrLicht\irr\COSOperator.cpp">
      <Filter>src\irrLicht\irr</Filter>
    </ClCompile>
    <ClCompile Include="..\src\irrLicht\irr\Irrlicht.cpp">
      <Filter>src\irrLicht\irr</Filter>
    </ClCompile>
    <ClCompile Include="..\src\irrLicht\irr\os.cpp">
      <Filter>src\irrLicht\irr</Filter>
    </ClCompile>
    <ClCompile Include="..\src\irrLicht\irr\device\CIrrDeviceConsole.cpp">
      <Filter>src\irrLicht\irr\device</Filter>
    </ClCompile>
    <ClCompile Include="..\src\irrLicht\irr\device\CIrrDeviceFB.cpp">
      <Filter>src\irrLicht\irr\device</Filter>
    </ClCompile>
    <ClCompile Include="..\src\irrLicht\irr\device\CIrrDeviceLinux.cpp">
      <Filter>src\irrLicht\irr\device</Filter>
    </ClCompile>
    <ClCompile Include="..\src\irrLicht\irr\device\CIrrDeviceSDL.cpp">
      <Filter>src\irrLicht\irr\device</Filter>
    </ClCompile>
    <ClCompile Include="..\src\irrLicht\irr\device\CIrrDeviceStub.cpp">
      <Filter>src\irrLicht\irr\device</Filter>
    </ClCompile>
    <ClCompile Include="..\src\irrLicht\irr\device\CIrrDeviceWin32.cpp">
      <Filter>src\irrLicht\irr\device</Filter>
    </ClCompile>
    <ClCompile Include="..\src\irrLicht\irr\device\CIrrDeviceWinCE.cpp">
      <Filter>src\irrLicht\irr\device</Filter>
    </ClCompile>
    <ClCompile Include="..\src\irrLicht\scene\CDefaultSceneNodeAnimatorFactory.cpp">
      <Filter>src\irrLicht\scene</Filter>
    </ClCompile>
    <ClCompile Include="..\src\irrLicht\scene\CDefaultSceneNodeFactory.cpp">
      <Filter>src\irrLicht\scene</Filter>
    </ClCompile>
    <ClCompile Include="..\src\irrLicht\scene\CGeometryCreator.cpp">
      <Filter>src\irrLicht\scene</Filter>
    </ClCompile>
    <ClCompile Include="..\src\irrLicht\scene\CMeshCache.cpp">
      <Filter>src\irrLicht\scene</Filter>
    </ClCompile>
    <ClCompile Include="..\src\irrLicht\scene\CMeshManipulator.cpp">
      <Filter>src\irrLicht\scene</Filter>
    </ClCompile>
    <ClCompile Include="..\src\irrLicht\scene\CSceneLoaderIrr.cpp">
      <Filter>src\irrLicht\scene</Filter>
    </ClCompile>
    <ClCompile Include="..\src\irrLicht\scene\CSceneManager.cpp">
      <Filter>src\irrLicht\scene</Filter>
    </ClCompile>
    <ClCompile Include="..\src\irrLicht\scene\animators\CSceneNodeAnimatorCameraFPS.cpp">
      <Filter>src\irrLicht\scene\animators</Filter>
    </ClCompile>
    <ClCompile Include="..\src\irrLicht\scene\animators\CSceneNodeAnimatorCameraMaya.cpp">
      <Filter>src\irrLicht\scene\animators</Filter>
    </ClCompile>
    <ClCompile Include="..\src\irrLicht\scene\animators\CSceneNodeAnimatorCollisionResponse.cpp">
      <Filter>src\irrLicht\scene\animators</Filter>
    </ClCompile>
    <ClCompile Include="..\src\irrLicht\scene\animators\CSceneNodeAnimatorDelete.cpp">
      <Filter>src\irrLicht\scene\animators</Filter>
    </ClCompile>
    <ClCompile Include="..\src\irrLicht\scene\animators\CSceneNodeAnimatorFlyCircle.cpp">
      <Filter>src\irrLicht\scene\animators</Filter>
    </ClCompile>
    <ClCompile Include="..\src\irrLicht\scene\animators\CSceneNodeAnimatorFlyStraight.cpp">
      <Filter>src\irrLicht\scene\animators</Filter>
    </ClCompile>
    <ClCompile Include="..\src\irrLicht\scene\animators\CSceneNodeAnimatorFollowSpline.cpp">
      <Filter>src\irrLicht\scene\animators</Filter>
    </ClCompile>
    <ClCompile Include="..\src\irrLicht\scene\animators\CSceneNodeAnimatorRotation.cpp">
      <Filter>src\irrLicht\scene\animators</Filter>
    </ClCompile>
    <ClCompile Include="..\src\irrLicht\scene\animators\CSceneNodeAnimatorTexture.cpp">
      <Filter>src\irrLicht\scene\animators</Filter>
    </ClCompile>
    <ClCompile Include="..\src\irrLicht\scene\collision\CMetaTriangleSelector.cpp">
      <Filter>src\irrLicht\scene\collision</Filter>
    </ClCompile>
    <ClCompile Include="..\src\irrLicht\scene\collision\COctreeTriangleSelector.cpp">
      <Filter>src\irrLicht\scene\collision</Filter>
    </ClCompile>
    <ClCompile Include="..\src\irrLicht\scene\collision\CSceneCollisionManager.cpp">
      <Filter>src\irrLicht\scene\collision</Filter>
    </ClCompile>
    <ClCompile Include="..\src\irrLicht\scene\collision\CTerrainTriangleSelector.cpp">
      <Filter>src\irrLicht\scene\collision</Filter>
    </ClCompile>
    <ClCompile Include="..\src\irrLicht\scene\collision\CTriangleBBSelector.cpp">
      <Filter>src\irrLicht\scene\collision</Filter>
    </ClCompile>
    <ClCompile Include="..\src\irrLicht\scene\collision\CTriangleSelector.cpp">
      <Filter>src\irrLicht\scene\collision</Filter>
    </ClCompile>
    <ClCompile Include="..\src\irrLicht\scene\loaders\C3DSMeshFileLoader.cpp">
      <Filter>src\irrLicht\scene\loaders</Filter>
    </ClCompile>
    <ClCompile Include="..\src\irrLicht\scene\loaders\CAnimatedMeshHalfLife.cpp">
      <Filter>src\irrLicht\scene\loaders</Filter>
    </ClCompile>
    <ClCompile Include="..\src\irrLicht\scene\loaders\CAnimatedMeshMD2.cpp">
      <Filter>src\irrLicht\scene\loaders</Filter>
    </ClCompile>
    <ClCompile Include="..\src\irrLicht\scene\loaders\CAnimatedMeshMD3.cpp">
      <Filter>src\irrLicht\scene\loaders</Filter>
    </ClCompile>
    <ClCompile Include="..\src\irrLicht\scene\loaders\CB3DMeshFileLoader.cpp">
      <Filter>src\irrLicht\scene\loaders</Filter>
    </ClCompile>
    <ClCompile Include="..\src\irrLicht\scene\loaders\CBSPMeshFileLoader.cpp">
      <Filter>src\irrLicht\scene\loaders</Filter>
    </ClCompile>
    <ClCompile Include="..\src\irrLicht\scene\loaders\CColladaFileLoader.cpp">
      <Filter>src\irrLicht\scene\loaders</Filter>
    </ClCompile>
    <ClCompile Include="..\src\irrLicht\scene\loaders\CCSMLoader.cpp">
      <Filter>src\irrLicht\scene\loaders</Filter>
    </ClCompile>
    <ClCompile Include="..\src\irrLicht\scene\loaders\CDMFLoader.cpp">
      <Filter>src\irrLicht\scene\loaders</Filter>
    </ClCompile>
    <ClCompile Include="..\src\irrLicht\scene\loaders\CIrrMeshFileLoader.cpp">
      <Filter>src\irrLicht\scene\loaders</Filter>
    </ClCompile>
    <ClCompile Include="..\src\irrLicht\scene\loaders\CLMTSMeshFileLoader.cpp">
      <Filter>src\irrLicht\scene\loaders</Filter>
    </ClCompile>
    <ClCompile Include="..\src\irrLicht\scene\loaders\CLWOMeshFileLoader.cpp">
      <Filter>src\irrLicht\scene\loaders</Filter>
    </ClCompile>
    <ClCompile Include="..\src\irrLicht\scene\loaders\CMD2MeshFileLoader.cpp">
      <Filter>src\irrLicht\scene\loaders</Filter>
    </ClCompile>
    <ClCompile Include="..\src\irrLicht\scene\loaders\CMD3MeshFileLoader.cpp">
      <Filter>src\irrLicht\scene\loaders</Filter>
    </ClCompile>
    <ClCompile Include="..\src\irrLicht\scene\loaders\CMS3DMeshFileLoader.cpp">
      <Filter>src\irrLicht\scene\loaders</Filter>
    </ClCompile>
    <ClCompile Include="..\src\irrLicht\scene\loaders\CMY3DMeshFileLoader.cpp">
      <Filter>src\irrLicht\scene\loaders</Filter>
    </ClCompile>
    <ClCompile Include="..\src\irrLicht\scene\loaders\COBJMeshFileLoader.cpp">
      <Filter>src\irrLicht\scene\loaders</Filter>
    </ClCompile>
    <ClCompile Include="..\src\irrLicht\scene\loaders\COCTLoader.cpp">
      <Filter>src\irrLicht\scene\loaders</Filter>
    </ClCompile>
    <ClCompile Include="..\src\irrLicht\scene\loaders\COgreMeshFileLoader.cpp">
      <Filter>src\irrLicht\scene\loaders</Filter>
    </ClCompile>
    <ClCompile Include="..\src\irrLicht\scene\loaders\CPLYMeshFileLoader.cpp">
      <Filter>src\irrLicht\scene\loaders</Filter>
    </ClCompile>
    <ClCompile Include="..\src\irrLicht\scene\loaders\CQ3LevelMesh.cpp">
      <Filter>src\irrLicht\scene\loaders</Filter>
    </ClCompile>
    <ClCompile Include="..\src\irrLicht\scene\loaders\CSkinnedMesh.cpp">
      <Filter>src\irrLicht\scene\loaders</Filter>
    </ClCompile>
    <ClCompile Include="..\src\irrLicht\scene\loaders\CSMFMeshFileLoader.cpp">
      <Filter>src\irrLicht\scene\loaders</Filter>
    </ClCompile>
    <ClCompile Include="..\src\irrLicht\scene\loaders\CSTLMeshFileLoader.cpp">
      <Filter>src\irrLicht\scene\loaders</Filter>
    </ClCompile>
    <ClCompile Include="..\src\irrLicht\scene\loaders\CXMeshFileLoader.cpp">
      <Filter>src\irrLicht\scene\loaders</Filter>
    </ClCompile>
    <ClCompile Include="..\src\irrLicht\scene\writers\CColladaMeshWriter.cpp">
      <Filter>src\irrLicht\scene\writers</Filter>
    </ClCompile>
    <ClCompile Include="..\src\irrLicht\scene\writers\CIrrMeshWriter.cpp">
      <Filter>src\irrLicht\scene\writers</Filter>
    </ClCompile>
    <ClCompile Include="..\src\irrLicht\scene\writers\COBJMeshWriter.cpp">
      <Filter>src\irrLicht\scene\writers</Filter>
    </ClCompile>
    <ClCompile Include="..\src\irrLicht\scene\writers\CPLYMeshWriter.cpp">
      <Filter>src\irrLicht\scene\writers</Filter>
    </ClCompile>
    <ClCompile Include="..\src\irrLicht\scene\writers\CSTLMeshWriter.cpp">
      <Filter>src\irrLicht\scene\writers</Filter>
    </ClCompile>
    <ClCompile Include="..\src\irrLicht\scene\particleSystem\CParticleAnimatedMeshSceneNodeEmitter.cpp">
      <Filter>src\irrLicht\scene\particleSystem</Filter>
    </ClCompile>
    <ClCompile Include="..\src\irrLicht\scene\particleSystem\CParticleAttractionAffector.cpp">
      <Filter>src\irrLicht\scene\particleSystem</Filter>
    </ClCompile>
    <ClCompile Include="..\src\irrLicht\scene\particleSystem\CParticleBoxEmitter.cpp">
      <Filter>src\irrLicht\scene\particleSystem</Filter>
    </ClCompile>
    <ClCompile Include="..\src\irrLicht\scene\particleSystem\CParticleCylinderEmitter.cpp">
      <Filter>src\irrLicht\scene\particleSystem</Filter>
    </ClCompile>
    <ClCompile Include="..\src\irrLicht\scene\particleSystem\CParticleFadeOutAffector.cpp">
      <Filter>src\irrLicht\scene\particleSystem</Filter>
    </ClCompile>
    <ClCompile Include="..\src\irrLicht\scene\particleSystem\CParticleGravityAffector.cpp">
      <Filter>src\irrLicht\scene\particleSystem</Filter>
    </ClCompile>
    <ClCompile Include="..\src\irrLicht\scene\particleSystem\CParticleMeshEmitter.cpp">
      <Filter>src\irrLicht\scene\particleSystem</Filter>
    </ClCompile>
    <ClCompile Include="..\src\irrLicht\scene\particleSystem\CParticlePointEmitter.cpp">
      <Filter>src\irrLicht\scene\particleSystem</Filter>
    </ClCompile>
    <ClCompile Include="..\src\irrLicht\scene\particleSystem\CParticleRingEmitter.cpp">
      <Filter>src\irrLicht\scene\particleSystem</Filter>
    </ClCompile>
    <ClCompile Include="..\src\irrLicht\scene\particleSystem\CParticleRotationAffector.cpp">
      <Filter>src\irrLicht\scene\particleSystem</Filter>
    </ClCompile>
    <ClCompile Include="..\src\irrLicht\scene\particleSystem\CParticleScaleAffector.cpp">
      <Filter>src\irrLicht\scene\particleSystem</Filter>
    </ClCompile>
    <ClCompile Include="..\src\irrLicht\scene\particleSystem\CParticleSphereEmitter.cpp">
      <Filter>src\irrLicht\scene\particleSystem</Filter>
    </ClCompile>
    <ClCompile Include="..\src\irrLicht\scene\particleSystem\CParticleSystemSceneNode.cpp">
      <Filter>src\irrLicht\scene\particleSystem</Filter>
    </ClCompile>
    <ClCompile Include="..\src\irrLicht\scene\sceneNodes\CAnimatedMeshSceneNode.cpp">
      <Filter>src\irrLicht\scene\sceneNodes</Filter>
    </ClCompile>
    <ClCompile Include="..\src\irrLicht\scene\sceneNodes\CBillboardSceneNode.cpp">
      <Filter>src\irrLicht\scene\sceneNodes</Filter>
    </ClCompile>
    <ClCompile Include="..\src\irrLicht\scene\sceneNodes\CBoneSceneNode.cpp">
      <Filter>src\irrLicht\scene\sceneNodes</Filter>
    </ClCompile>
    <ClCompile Include="..\src\irrLicht\scene\sceneNodes\CCameraSceneNode.cpp">
      <Filter>src\irrLicht\scene\sceneNodes</Filter>
    </ClCompile>
    <ClCompile Include="..\src\irrLicht\scene\sceneNodes\CCubeSceneNode.cpp">
      <Filter>src\irrLicht\scene\sceneNodes</Filter>
    </ClCompile>
    <ClCompile Include="..\src\irrLicht\scene\sceneNodes\CDummyTransformationSceneNode.cpp">
      <Filter>src\irrLicht\scene\sceneNodes</Filter>
    </ClCompile>
    <ClCompile Include="..\src\irrLicht\scene\sceneNodes\CEmptySceneNode.cpp">
      <Filter>src\irrLicht\scene\sceneNodes</Filter>
    </ClCompile>
    <ClCompile Include="..\src\irrLicht\scene\sceneNodes\CLightSceneNode.cpp">
      <Filter>src\irrLicht\scene\sceneNodes</Filter>
    </ClCompile>
    <ClCompile Include="..\src\irrLicht\scene\sceneNodes\CMeshSceneNode.cpp">
      <Filter>src\irrLicht\scene\sceneNodes</Filter>
    </ClCompile>
    <ClCompile Include="..\src\irrLicht\scene\sceneNodes\COctreeSceneNode.cpp">
      <Filter>src\irrLicht\scene\sceneNodes</Filter>
    </ClCompile>
    <ClCompile Include="..\src\irrLicht\scene\sceneNodes\CQuake3ShaderSceneNode.cpp">
      <Filter>src\irrLicht\scene\sceneNodes</Filter>
    </ClCompile>
    <ClCompile Include="..\src\irrLicht\scene\sceneNodes\CShadowVolumeSceneNode.cpp">
      <Filter>src\irrLicht\scene\sceneNodes</Filter>
    </ClCompile>
    <ClCompile Include="..\src\irrLicht\scene\sceneNodes\CSkyBoxSceneNode.cpp">
      <Filter>src\irrLicht\scene\sceneNodes</Filter>
    </ClCompile>
    <ClCompile Include="..\src\irrLicht\scene\sceneNodes\CSkyDomeSceneNode.cpp">
      <Filter>src\irrLicht\scene\sceneNodes</Filter>
    </ClCompile>
    <ClCompile Include="..\src\irrLicht\scene\sceneNodes\CSphereSceneNode.cpp">
      <Filter>src\irrLicht\scene\sceneNodes</Filter>
    </ClCompile>
    <ClCompile Include="..\src\irrLicht\scene\sceneNodes\CTerrainSceneNode.cpp">
      <Filter>src\irrLicht\scene\sceneNodes</Filter>
    </ClCompile>
    <ClCompile Include="..\src\irrLicht\scene\sceneNodes\CTextSceneNode.cpp">
      <Filter>src\irrLicht\scene\sceneNodes</Filter>
    </ClCompile>
    <ClCompile Include="..\src\irrLicht\scene\sceneNodes\CVolumeLightSceneNode.cpp">
      <Filter>src\irrLicht\scene\sceneNodes</Filter>
    </ClCompile>
    <ClCompile Include="..\src\irrLicht\scene\sceneNodes\CWaterSurfaceSceneNode.cpp">
      <Filter>src\irrLicht\scene\sceneNodes</Filter>
    </ClCompile>
    <ClCompile Include="..\src\irrLicht\video\CCgMaterialRenderer.cpp">
      <Filter>src\irrLicht\video</Filter>
    </ClCompile>
    <ClCompile Include="..\src\irrLicht\video\CVideoModeList.cpp">
      <Filter>src\irrLicht\video</Filter>
    </ClCompile>
    <ClCompile Include="..\src\irrLicht\video\BurningVideo\CBurningShader_Raster_Reference.cpp">
      <Filter>src\irrLicht\video\BurningVideo</Filter>
    </ClCompile>
    <ClCompile Include="..\src\irrLicht\video\BurningVideo\CDepthBuffer.cpp">
      <Filter>src\irrLicht\video\BurningVideo</Filter>
    </ClCompile>
    <ClCompile Include="..\src\irrLicht\video\BurningVideo\CSoftwareDriver2.cpp">
      <Filter>src\irrLicht\video\BurningVideo</Filter>
    </ClCompile>
    <ClCompile Include="..\src\irrLicht\video\BurningVideo\CSoftwareTexture2.cpp">
      <Filter>src\irrLicht\video\BurningVideo</Filter>
    </ClCompile>
    <ClCompile Include="..\src\irrLicht\video\BurningVideo\CTRGouraud2.cpp">
      <Filter>src\irrLicht\video\BurningVideo</Filter>
    </ClCompile>
    <ClCompile Include="..\src\irrLicht\video\BurningVideo\CTRGouraudAlpha2.cpp">
      <Filter>src\irrLicht\video\BurningVideo</Filter>
    </ClCompile>
    <ClCompile Include="..\src\irrLicht\video\BurningVideo\CTRGouraudAlphaNoZ2.cpp">
      <Filter>src\irrLicht\video\BurningVideo</Filter>
    </ClCompile>
    <ClCompile Include="..\src\irrLicht\video\BurningVideo\CTRNormalMap.cpp">
      <Filter>src\irrLicht\video\BurningVideo</Filter>
    </ClCompile>
    <ClCompile Include="..\src\irrLicht\video\BurningVideo\CTRStencilShadow.cpp">
      <Filter>src\irrLicht\video\BurningVideo</Filter>
    </ClCompile>
    <ClCompile Include="..\src\irrLicht\video\BurningVideo\CTRTextureBlend.cpp">
      <Filter>src\irrLicht\video\BurningVideo</Filter>
    </ClCompile>
    <ClCompile Include="..\src\irrLicht\video\BurningVideo\CTRTextureDetailMap2.cpp">
      <Filter>src\irrLicht\video\BurningVideo</Filter>
    </ClCompile>
    <ClCompile Include="..\src\irrLicht\video\BurningVideo\CTRTextureGouraud2.cpp">
      <Filter>src\irrLicht\video\BurningVideo</Filter>
    </ClCompile>
    <ClCompile Include="..\src\irrLicht\video\BurningVideo\CTRTextureGouraudAdd2.cpp">
      <Filter>src\irrLicht\video\BurningVideo</Filter>
    </ClCompile>
    <ClCompile Include="..\src\irrLicht\video\BurningVideo\CTRTextureGouraudAddNoZ2.cpp">
      <Filter>src\irrLicht\video\BurningVideo</Filter>
    </ClCompile>
    <ClCompile Include="..\src\irrLicht\video\BurningVideo\CTRTextureGouraudAlpha.cpp">
      <Filter>src\irrLicht\video\BurningVideo</Filter>
    </ClCompile>
    <ClCompile Include="..\src\irrLicht\video\BurningVideo\CTRTextureGouraudNoZ.cpp">
      <Filter>src\irrLicht\video\BurningVideo</Filter>
    </ClCompile>
    <ClCompile Include="..\src\irrLicht\video\BurningVideo\CTRTextureGouraudNoZ2.cpp">
      <Filter>src\irrLicht\video\BurningVideo</Filter>
    </ClCompile>
    <ClCompile Include="..\src\irrLicht\video\BurningVideo\CTRTextureGouraudVertexAlpha2.cpp">
      <Filter>src\irrLicht\video\BurningVideo</Filter>
    </ClCompile>
    <ClCompile Include="..\src\irrLicht\video\BurningVideo\CTRTextureLightMap2_Add.cpp">
      <Filter>src\irrLicht\video\BurningVideo</Filter>
    </ClCompile>
    <ClCompile Include="..\src\irrLicht\video\BurningVideo\CTRTextureLightMap2_M1.cpp">
      <Filter>src\irrLicht\video\BurningVideo</Filter>
    </ClCompile>
    <ClCompile Include="..\src\irrLicht\video\BurningVideo\CTRTextureLightMap2_M2.cpp">
      <Filter>src\irrLicht\video\BurningVideo</Filter>
    </ClCompile>
    <ClCompile Include="..\src\irrLicht\video\BurningVideo\CTRTextureLightMap2_M4.cpp">
      <Filter>src\irrLicht\video\BurningVideo</Filter>
    </ClCompile>
    <ClCompile Include="..\src\irrLicht\video\BurningVideo\CTRTextureLightMapGouraud2_M4.cpp">
      <Filter>src\irrLicht\video\BurningVideo</Filter>
    </ClCompile>
    <ClCompile Include="..\src\irrLicht\video\BurningVideo\CTRTextureWire2.cpp">
      <Filter>src\irrLicht\video\BurningVideo</Filter>
    </ClCompile>
    <ClCompile Include="..\src\irrLicht\video\BurningVideo\IBurningShader.cpp">
      <Filter>src\irrLicht\video\BurningVideo</Filter>
    </ClCompile>
    <ClCompile Include="..\src\irrLicht\video\Direct3D8\CD3D8Driver.cpp">
      <Filter>src\irrLicht\video\Direct3D8</Filter>
    </ClCompile>
    <ClCompile Include="..\src\irrLicht\video\Direct3D8\CD3D8NormalMapRenderer.cpp">
      <Filter>src\irrLicht\video\Direct3D8</Filter>
    </ClCompile>
    <ClCompile Include="..\src\irrLicht\video\Direct3D8\CD3D8ParallaxMapRenderer.cpp">
      <Filter>src\irrLicht\video\Direct3D8</Filter>
    </ClCompile>
    <ClCompile Include="..\src\irrLicht\video\Direct3D8\CD3D8ShaderMaterialRenderer.cpp">
      <Filter>src\irrLicht\video\Direct3D8</Filter>
    </ClCompile>
    <ClCompile Include="..\src\irrLicht\video\Direct3D8\CD3D8Texture.cpp">
      <Filter>src\irrLicht\video\Direct3D8</Filter>
    </ClCompile>
    <ClCompile Include="..\src\irrLicht\video\Direct3D9\CD3D9CgMaterialRenderer.cpp">
      <Filter>src\irrLicht\video\Direct3D9</Filter>
    </ClCompile>
    <ClCompile Include="..\src\irrLicht\video\Direct3D9\CD3D9Driver.cpp">
      <Filter>src\irrLicht\video\Direct3D9</Filter>
    </ClCompile>
    <ClCompile Include="..\src\irrLicht\video\Direct3D9\CD3D9HLSLMaterialRenderer.cpp">
      <Filter>src\irrLicht\video\Direct3D9</Filter>
    </ClCompile>
    <ClCompile Include="..\src\irrLicht\video\Direct3D9\CD3D9NormalMapRenderer.cpp">
      <Filter>src\irrLicht\video\Direct3D9</Filter>
    </ClCompile>
    <ClCompile Include="..\src\irrLicht\video\Direct3D9\CD3D9ParallaxMapRenderer.cpp">
      <Filter>src\irrLicht\video\Direct3D9</Filter>
    </ClCompile>
    <ClCompile Include="..\src\irrLicht\video\Direct3D9\CD3D9ShaderMaterialRenderer.cpp">
      <Filter>src\irrLicht\video\Direct3D9</Filter>
    </ClCompile>
    <ClCompile Include="..\src\irrLicht\video\Direct3D9\CD3D9Texture.cpp">
      <Filter>src\irrLicht\video\Direct3D9</Filter>
    </ClCompile>
    <ClCompile Include="..\src\irrLicht\video\Null\CColorConverter.cpp">
      <Filter>src\irrLicht\video\Null</Filter>
    </ClCompile>
    <ClCompile Include="..\src\irrLicht\video\Null\CFPSCounter.cpp">
      <Filter>src\irrLicht\video\Null</Filter>
    </ClCompile>
    <ClCompile Include="..\src\irrLicht\video\Null\CImage.cpp">
      <Filter>src\irrLicht\video\Null</Filter>
    </ClCompile>
    <ClCompile Include="..\src\irrLicht\video\Null\CNullDriver.cpp">
      <Filter>src\irrLicht\video\Null</Filter>
    </ClCompile>
    <ClCompile Include="..\src\irrLicht\video\Null\Loader\CImageLoaderBMP.cpp">
      <Filter>src\irrLicht\video\Null\Loader</Filter>
    </ClCompile>
    <ClCompile Include="..\src\irrLicht\video\Null\Loader\CImageLoaderDDS.cpp">
      <Filter>src\irrLicht\video\Null\Loader</Filter>
    </ClCompile>
    <ClCompile Include="..\src\irrLicht\video\Null\Loader\CImageLoaderJPG.cpp">
      <Filter>src\irrLicht\video\Null\Loader</Filter>
    </ClCompile>
    <ClCompile Include="..\src\irrLicht\video\Null\Loader\CImageLoaderPCX.cpp">
      <Filter>src\irrLicht\video\Null\Loader</Filter>
    </ClCompile>
    <ClCompile Include="..\src\irrLicht\video\Null\Loader\CImageLoaderPNG.cpp">
      <Filter>src\irrLicht\video\Null\Loader</Filter>
    </ClCompile>
    <ClCompile Include="..\src\irrLicht\video\Null\Loader\CImageLoaderPPM.cpp">
      <Filter>src\irrLicht\video\Null\Loader</Filter>
    </ClCompile>
    <ClCompile Include="..\src\irrLicht\video\Null\Loader\CImageLoaderPSD.cpp">
      <Filter>src\irrLicht\video\Null\Loader</Filter>
    </ClCompile>
    <ClCompile Include="..\src\irrLicht\video\Null\Loader\CImageLoaderRGB.cpp">
      <Filter>src\irrLicht\video\Null\Loader</Filter>
    </ClCompile>
    <ClCompile Include="..\src\irrLicht\video\Null\Loader\CImageLoaderTGA.cpp">
      <Filter>src\irrLicht\video\Null\Loader</Filter>
    </ClCompile>
    <ClCompile Include="..\src\irrLicht\video\Null\Loader\CImageLoaderWAL.cpp">
      <Filter>src\irrLicht\video\Null\Loader</Filter>
    </ClCompile>
    <ClCompile Include="..\src\irrLicht\video\Null\Writer\CImageWriterBMP.cpp">
      <Filter>src\irrLicht\video\Null\Writer</Filter>
    </ClCompile>
    <ClCompile Include="..\src\irrLicht\video\Null\Writer\CImageWriterJPG.cpp">
      <Filter>src\irrLicht\video\Null\Writer</Filter>
    </ClCompile>
    <ClCompile Include="..\src\irrLicht\video\Null\Writer\CImageWriterPCX.cpp">
      <Filter>src\irrLicht\video\Null\Writer</Filter>
    </ClCompile>
    <ClCompile Include="..\src\irrLicht\video\Null\Writer\CImageWriterPNG.cpp">
      <Filter>src\irrLicht\video\Null\Writer</Filter>
    </ClCompile>
    <ClCompile Include="..\src\irrLicht\video\Null\Writer\CImageWriterPPM.cpp">
      <Filter>src\irrLicht\video\Null\Writer</Filter>
    </ClCompile>
    <ClCompile Include="..\src\irrLicht\video\Null\Writer\CImageWriterPSD.cpp">
      <Filter>src\irrLicht\video\Null\Writer</Filter>
    </ClCompile>
    <ClCompile Include="..\src\irrLicht\video\Null\Writer\CImageWriterTGA.cpp">
      <Filter>src\irrLicht\video\Null\Writer</Filter>
    </ClCompile>
    <ClCompile Include="..\src\irrLicht\video\OpenGL\COpenGLCgMaterialRenderer.cpp">
      <Filter>src\irrLicht\video\OpenGL</Filter>
    </ClCompile>
    <ClCompile Include="..\src\irrLicht\video\OpenGL\COpenGLDriver.cpp">
      <Filter>src\irrLicht\video\OpenGL</Filter>
    </ClCompile>
    <ClCompile Include="..\src\irrLicht\video\OpenGL\COpenGLExtensionHandler.cpp">
      <Filter>src\irrLicht\video\OpenGL</Filter>
    </ClCompile>
    <ClCompile Include="..\src\irrLicht\video\OpenGL\COpenGLNormalMapRenderer.cpp">
      <Filter>src\irrLicht\video\OpenGL</Filter>
    </ClCompile>
    <ClCompile Include="..\src\irrLicht\video\OpenGL\COpenGLParallaxMapRenderer.cpp">
      <Filter>src\irrLicht\video\OpenGL</Filter>
    </ClCompile>
    <ClCompile Include="..\src\irrLicht\video\OpenGL\COpenGLShaderMaterialRenderer.cpp">
      <Filter>src\irrLicht\video\OpenGL</Filter>
    </ClCompile>
    <ClCompile Include="..\src\irrLicht\video\OpenGL\COpenGLSLMaterialRenderer.cpp">
      <Filter>src\irrLicht\video\OpenGL</Filter>
    </ClCompile>
    <ClCompile Include="..\src\irrLicht\video\OpenGL\COpenGLTexture.cpp">
      <Filter>src\irrLicht\video\OpenGL</Filter>
    </ClCompile>
    <ClCompile Include="..\src\irrLicht\video\Software\CSoftwareDriver.cpp">
      <Filter>src\irrLicht\video\Software</Filter>
    </ClCompile>
    <ClCompile Include="..\src\irrLicht\video\Software\CSoftwareTexture.cpp">
      <Filter>src\irrLicht\video\Software</Filter>
    </ClCompile>
    <ClCompile Include="..\src\irrLicht\video\Software\CTRFlat.cpp">
      <Filter>src\irrLicht\video\Software</Filter>
    </ClCompile>
    <ClCompile Include="..\src\irrLicht\video\Software\CTRFlatWire.cpp">
      <Filter>src\irrLicht\video\Software</Filter>
    </ClCompile>
    <ClCompile Include="..\src\irrLicht\video\Software\CTRGouraud.cpp">
      <Filter>src\irrLicht\video\Software</Filter>
    </ClCompile>
    <ClCompile Include="..\src\irrLicht\video\Software\CTRGouraudWire.cpp">
      <Filter>src\irrLicht\video\Software</Filter>
    </ClCompile>
    <ClCompile Include="..\src\irrLicht\video\Software\CTRTextureFlat.cpp">
      <Filter>src\irrLicht\video\Software</Filter>
    </ClCompile>
    <ClCompile Include="..\src\irrLicht\video\Software\CTRTextureFlatWire.cpp">
      <Filter>src\irrLicht\video\Software</Filter>
    </ClCompile>
    <ClCompile Include="..\src\irrLicht\video\Software\CTRTextureGouraud.cpp">
      <Filter>src\irrLicht\video\Software</Filter>
    </ClCompile>
    <ClCompile Include="..\src\irrLicht\video\Software\CTRTextureGouraudAdd.cpp">
      <Filter>src\irrLicht\video\Software</Filter>
    </ClCompile>
    <ClCompile Include="..\src\irrLicht\video\Software\CTRTextureGouraudAlphaNoZ.cpp">
      <Filter>src\irrLicht\video\Software</Filter>
    </ClCompile>
    <ClCompile Include="..\src\irrLicht\video\Software\CTRTextureGouraudWire.cpp">
      <Filter>src\irrLicht\video\Software</Filter>
    </ClCompile>
    <ClCompile Include="..\src\irrLicht\video\Software\CZBuffer.cpp">
      <Filter>src\irrLicht\video\Software</Filter>
    </ClCompile>
    <ClCompile Include="..\src\irrLicht\gui\CDefaultGUIElementFactory.cpp">
      <Filter>src\irrLicht\gui</Filter>
    </ClCompile>
    <ClCompile Include="..\src\irrLicht\gui\CGUIButton.cpp">
      <Filter>src\irrLicht\gui</Filter>
    </ClCompile>
    <ClCompile Include="..\src\irrLicht\gui\CGUICheckBox.cpp">
      <Filter>src\irrLicht\gui</Filter>
    </ClCompile>
    <ClCompile Include="..\src\irrLicht\gui\CGUIColorSelectDialog.cpp">
      <Filter>src\irrLicht\gui</Filter>
    </ClCompile>
    <ClCompile Include="..\src\irrLicht\gui\CGUIComboBox.cpp">
      <Filter>src\irrLicht\gui</Filter>
    </ClCompile>
    <ClCompile Include="..\src\irrLicht\gui\CGUIContextMenu.cpp">
      <Filter>src\irrLicht\gui</Filter>
    </ClCompile>
    <ClCompile Include="..\src\irrLicht\gui\CGUIEditBox.cpp">
      <Filter>src\irrLicht\gui</Filter>
    </ClCompile>
    <ClCompile Include="..\src\irrLicht\gui\CGUIEnvironment.cpp">
      <Filter>src\irrLicht\gui</Filter>
    </ClCompile>
    <ClCompile Include="..\src\irrLicht\gui\CGUIFileOpenDialog.cpp">
      <Filter>src\irrLicht\gui</Filter>
    </ClCompile>
    <ClCompile Include="..\src\irrLicht\gui\CGUIFont.cpp">
      <Filter>src\irrLicht\gui</Filter>
    </ClCompile>
    <ClCompile Include="..\src\irrLicht\gui\CGUIImage.cpp">
      <Filter>src\irrLicht\gui</Filter>
    </ClCompile>
    <ClCompile Include="..\src\irrLicht\gui\CGUIImageList.cpp">
      <Filter>src\irrLicht\gui</Filter>
    </ClCompile>
    <ClCompile Include="..\src\irrLicht\gui\CGUIInOutFader.cpp">
      <Filter>src\irrLicht\gui</Filter>
    </ClCompile>
    <ClCompile Include="..\src\irrLicht\gui\CGUIListBox.cpp">
      <Filter>src\irrLicht\gui</Filter>
    </ClCompile>
    <ClCompile Include="..\src\irrLicht\gui\CGUIMenu.cpp">
      <Filter>src\irrLicht\gui</Filter>
    </ClCompile>
    <ClCompile Include="..\src\irrLicht\gui\CGUIMeshViewer.cpp">
      <Filter>src\irrLicht\gui</Filter>
    </ClCompile>
    <ClCompile Include="..\src\irrLicht\gui\CGUIMessageBox.cpp">
      <Filter>src\irrLicht\gui</Filter>
    </ClCompile>
    <ClCompile Include="..\src\irrLicht\gui\CGUIModalScreen.cpp">
      <Filter>src\irrLicht\gui</Filter>
    </ClCompile>
    <ClCompile Include="..\src\irrLicht\gui\CGUIScrollBar.cpp">
      <Filter>src\irrLicht\gui</Filter>
    </ClCompile>
    <ClCompile Include="..\src\irrLicht\gui\CGUISkin.cpp">
      <Filter>src\irrLicht\gui</Filter>
    </ClCompile>
    <ClCompile Include="..\src\irrLicht\gui\CGUISpinBox.cpp">
      <Filter>src\irrLicht\gui</Filter>
    </ClCompile>
    <ClCompile Include="..\src\irrLicht\gui\CGUISpriteBank.cpp">
      <Filter>src\irrLicht\gui</Filter>
    </ClCompile>
    <ClCompile Include="..\src\irrLicht\gui\CGUIStaticText.cpp">
      <Filter>src\irrLicht\gui</Filter>
    </ClCompile>
    <ClCompile Include="..\src\irrLicht\gui\CGUITabControl.cpp">
      <Filter>src\irrLicht\gui</Filter>
    </ClCompile>
    <ClCompile Include="..\src\irrLicht\gui\CGUITable.cpp">
      <Filter>src\irrLicht\gui</Filter>
    </ClCompile>
    <ClCompile Include="..\src\irrLicht\gui\CGUIToolBar.cpp">
      <Filter>src\irrLicht\gui</Filter>
    </ClCompile>
    <ClCompile Include="..\src\irrLicht\gui\CGUITreeView.cpp">
      <Filter>src\irrLicht\gui</Filter>
    </ClCompile>
    <ClCompile Include="..\src\irrLicht\gui\CGUIWindow.cpp">
      <Filter>src\irrLicht\gui</Filter>
    </ClCompile>
    <ClCompile Include="..\src\bzip2\blocksort.c">
      <Filter>src\bzip2</Filter>
    </ClCompile>
    <ClCompile Include="..\src\bzip2\bzcompress.c">
      <Filter>src\bzip2</Filter>
    </ClCompile>
    <ClCompile Include="..\src\bzip2\bzip2.c">
      <Filter>src\bzip2</Filter>
    </ClCompile>
    <ClCompile Include="..\src\bzip2\bzlib.c">
      <Filter>src\bzip2</Filter>
    </ClCompile>
    <ClCompile Include="..\src\bzip2\crctable.c">
      <Filter>src\bzip2</Filter>
    </ClCompile>
    <ClCompile Include="..\src\bzip2\decompress.c">
      <Filter>src\bzip2</Filter>
    </ClCompile>
    <ClCompile Include="..\src\bzip2\dlltest.c">
      <Filter>src\bzip2</Filter>
    </ClCompile>
    <ClCompile Include="..\src\bzip2\huffman.c">
      <Filter>src\bzip2</Filter>
    </ClCompile>
    <ClCompile Include="..\src\bzip2\randtable.c">
      <Filter>src\bzip2</Filter>
    </ClCompile>
    <ClCompile Include="..\src\jpeglib\cdjpeg.c">
      <Filter>src\jpeglib</Filter>
    </ClCompile>
    <ClCompile Include="..\src\jpeglib\jaricom.c">
      <Filter>src\jpeglib</Filter>
    </ClCompile>
    <ClCompile Include="..\src\jpeglib\jcapimin.c">
      <Filter>src\jpeglib</Filter>
    </ClCompile>
    <ClCompile Include="..\src\jpeglib\jcapistd.c">
      <Filter>src\jpeglib</Filter>
    </ClCompile>
    <ClCompile Include="..\src\jpeglib\jcarith.c">
      <Filter>src\jpeglib</Filter>
    </ClCompile>
    <ClCompile Include="..\src\jpeglib\jccoefct.c">
      <Filter>src\jpeglib</Filter>
    </ClCompile>
    <ClCompile Include="..\src\jpeglib\jccolor.c">
      <Filter>src\jpeglib</Filter>
    </ClCompile>
    <ClCompile Include="..\src\jpeglib\jcdctmgr.c">
      <Filter>src\jpeglib</Filter>
    </ClCompile>
    <ClCompile Include="..\src\jpeglib\jchuff.c">
      <Filter>src\jpeglib</Filter>
    </ClCompile>
    <ClCompile Include="..\src\jpeglib\jcinit.c">
      <Filter>src\jpeglib</Filter>
    </ClCompile>
    <ClCompile Include="..\src\jpeglib\jcmainct.c">
      <Filter>src\jpeglib</Filter>
    </ClCompile>
    <ClCompile Include="..\src\jpeglib\jcmarker.c">
      <Filter>src\jpeglib</Filter>
    </ClCompile>
    <ClCompile Include="..\src\jpeglib\jcmaster.c">
      <Filter>src\jpeglib</Filter>
    </ClCompile>
    <ClCompile Include="..\src\jpeglib\jcomapi.c">
      <Filter>src\jpeglib</Filter>
    </ClCompile>
    <ClCompile Include="..\src\jpeglib\jcparam.c">
      <Filter>src\jpeglib</Filter>
    </ClCompile>
    <ClCompile Include="..\src\jpeglib\jcprepct.c">
      <Filter>src\jpeglib</Filter>
    </ClCompile>
    <ClCompile Include="..\src\jpeglib\jcsample.c">
      <Filter>src\jpeglib</Filter>
    </ClCompile>
    <ClCompile Include="..\src\jpeglib\jctrans.c">
      <Filter>src\jpeglib</Filter>
    </ClCompile>
    <ClCompile Include="..\src\jpeglib\jdapimin.c">
      <Filter>src\jpeglib</Filter>
    </ClCompile>
    <ClCompile Include="..\src\jpeglib\jdapistd.c">
      <Filter>src\jpeglib</Filter>
    </ClCompile>
    <ClCompile Include="..\src\jpeglib\jdarith.c">
      <Filter>src\jpeglib</Filter>
    </ClCompile>
    <ClCompile Include="..\src\jpeglib\jdatadst.c">
      <Filter>src\jpeglib</Filter>
    </ClCompile>
    <ClCompile Include="..\src\jpeglib\jdatasrc.c">
      <Filter>src\jpeglib</Filter>
    </ClCompile>
    <ClCompile Include="..\src\jpeglib\jdcoefct.c">
      <Filter>src\jpeglib</Filter>
    </ClCompile>
    <ClCompile Include="..\src\jpeglib\jdcolor.c">
      <Filter>src\jpeglib</Filter>
    </ClCompile>
    <ClCompile Include="..\src\jpeglib\jddctmgr.c">
      <Filter>src\jpeglib</Filter>
    </ClCompile>
    <ClCompile Include="..\src\jpeglib\jdhuff.c">
      <Filter>src\jpeglib</Filter>
    </ClCompile>
    <ClCompile Include="..\src\jpeglib\jdinput.c">
      <Filter>src\jpeglib</Filter>
    </ClCompile>
    <ClCompile Include="..\src\jpeglib\jdmainct.c">
      <Filter>src\jpeglib</Filter>
    </ClCompile>
    <ClCompile Include="..\src\jpeglib\jdmarker.c">
      <Filter>src\jpeglib</Filter>
    </ClCompile>
    <ClCompile Include="..\src\jpeglib\jdmaster.c">
      <Filter>src\jpeglib</Filter>
    </ClCompile>
    <ClCompile Include="..\src\jpeglib\jdmerge.c">
      <Filter>src\jpeglib</Filter>
    </ClCompile>
    <ClCompile Include="..\src\jpeglib\jdpostct.c">
      <Filter>src\jpeglib</Filter>
    </ClCompile>
    <ClCompile Include="..\src\jpeglib\jdsample.c">
      <Filter>src\jpeglib</Filter>
    </ClCompile>
    <ClCompile Include="..\src\jpeglib\jdtrans.c">
      <Filter>src\jpeglib</Filter>
    </ClCompile>
    <ClCompile Include="..\src\jpeglib\jerror.c">
      <Filter>src\jpeglib</Filter>
    </ClCompile>
    <ClCompile Include="..\src\jpeglib\jfdctflt.c">
      <Filter>src\jpeglib</Filter>
    </ClCompile>
    <ClCompile Include="..\src\jpeglib\jfdctfst.c">
      <Filter>src\jpeglib</Filter>
    </ClCompile>
    <ClCompile Include="..\src\jpeglib\jfdctint.c">
      <Filter>src\jpeglib</Filter>
    </ClCompile>
    <ClCompile Include="..\src\jpeglib\jidctflt.c">
      <Filter>src\jpeglib</Filter>
    </ClCompile>
    <ClCompile Include="..\src\jpeglib\jidctfst.c">
      <Filter>src\jpeglib</Filter>
    </ClCompile>
    <ClCompile Include="..\src\jpeglib\jidctint.c">
      <Filter>src\jpeglib</Filter>
    </ClCompile>
    <ClCompile Include="..\src\jpeglib\jmemmgr.c">
      <Filter>src\jpeglib</Filter>
    </ClCompile>
    <ClCompile Include="..\src\jpeglib\jmemname.c">
      <Filter>src\jpeglib</Filter>
    </ClCompile>
    <ClCompile Include="..\src\jpeglib\jquant1.c">
      <Filter>src\jpeglib</Filter>
    </ClCompile>
    <ClCompile Include="..\src\jpeglib\jquant2.c">
      <Filter>src\jpeglib</Filter>
    </ClCompile>
    <ClCompile Include="..\src\jpeglib\jutils.c">
      <Filter>src\jpeglib</Filter>
    </ClCompile>
    <ClCompile Include="..\src\jpeglib\rdbmp.c">
      <Filter>src\jpeglib</Filter>
    </ClCompile>
    <ClCompile Include="..\src\jpeglib\rdcolmap.c">
      <Filter>src\jpeglib</Filter>
    </ClCompile>
    <ClCompile Include="..\src\jpeglib\rdgif.c">
      <Filter>src\jpeglib</Filter>
    </ClCompile>
    <ClCompile Include="..\src\jpeglib\rdppm.c">
      <Filter>src\jpeglib</Filter>
    </ClCompile>
    <ClCompile Include="..\src\jpeglib\rdrle.c">
      <Filter>src\jpeglib</Filter>
    </ClCompile>
    <ClCompile Include="..\src\jpeglib\rdswitch.c">
      <Filter>src\jpeglib</Filter>
    </ClCompile>
    <ClCompile Include="..\src\jpeglib\rdtarga.c">
      <Filter>src\jpeglib</Filter>
    </ClCompile>
    <ClCompile Include="..\src\jpeglib\transupp.c">
      <Filter>src\jpeglib</Filter>
    </ClCompile>
    <ClCompile Include="..\src\jpeglib\wrbmp.c">
      <Filter>src\jpeglib</Filter>
    </ClCompile>
    <ClCompile Include="..\src\jpeglib\wrgif.c">
      <Filter>src\jpeglib</Filter>
    </ClCompile>
    <ClCompile Include="..\src\jpeglib\wrppm.c">
      <Filter>src\jpeglib</Filter>
    </ClCompile>
    <ClCompile Include="..\src\jpeglib\wrrle.c">
      <Filter>src\jpeglib</Filter>
    </ClCompile>
    <ClCompile Include="..\src\jpeglib\wrtarga.c">
      <Filter>src\jpeglib</Filter>
    </ClCompile>
  </ItemGroup>
  <ItemGroup>
    <ClInclude Include="..\src\libpng\png.h">
      <Filter>src\libpng</Filter>
    </ClInclude>
    <ClInclude Include="..\src\libpng\pngconf.h">
      <Filter>src\libpng</Filter>
    </ClInclude>
    <ClInclude Include="..\src\libpng\pngdebug.h">
      <Filter>src\libpng</Filter>
    </ClInclude>
    <ClInclude Include="..\src\libpng\pnginfo.h">
      <Filter>src\libpng</Filter>
    </ClInclude>
    <ClInclude Include="..\src\libpng\pnglibconf.h">
      <Filter>src\libpng</Filter>
    </ClInclude>
    <ClInclude Include="..\src\libpng\pngpriv.h">
      <Filter>src\libpng</Filter>
    </ClInclude>
    <ClInclude Include="..\src\libpng\pngstruct.h">
      <Filter>src\libpng</Filter>
    </ClInclude>
    <ClInclude Include="..\src\lzma\LzmaDec.h">
      <Filter>src\lzma</Filter>
    </ClInclude>
    <ClInclude Include="..\src\lzma\Types.h">
      <Filter>src\lzma</Filter>
    </ClInclude>
    <ClInclude Include="..\src\zlib\crc32.h">
      <Filter>src\zlib</Filter>
    </ClInclude>
    <ClInclude Include="..\src\zlib\deflate.h">
      <Filter>src\zlib</Filter>
    </ClInclude>
    <ClInclude Include="..\src\zlib\gzguts.h">
      <Filter>src\zlib</Filter>
    </ClInclude>
    <ClInclude Include="..\src\zlib\inffast.h">
      <Filter>src\zlib</Filter>
    </ClInclude>
    <ClInclude Include="..\src\zlib\inffixed.h">
      <Filter>src\zlib</Filter>
    </ClInclude>
    <ClInclude Include="..\src\zlib\inflate.h">
      <Filter>src\zlib</Filter>
    </ClInclude>
    <ClInclude Include="..\src\zlib\inftrees.h">
      <Filter>src\zlib</Filter>
    </ClInclude>
    <ClInclude Include="..\src\zlib\trees.h">
      <Filter>src\zlib</Filter>
    </ClInclude>
    <ClInclude Include="..\src\zlib\zconf.h">
      <Filter>src\zlib</Filter>
    </ClInclude>
    <ClInclude Include="..\src\zlib\zlib.h">
      <Filter>src\zlib</Filter>
    </ClInclude>
    <ClInclude Include="..\src\zlib\zutil.h">
      <Filter>src\zlib</Filter>
    </ClInclude>
    <ClInclude Include="..\src\aesGladman\aes.h">
      <Filter>src\aesGladman</Filter>
    </ClInclude>
    <ClInclude Include="..\src\aesGladman\aesopt.h">
      <Filter>src\aesGladman</Filter>
    </ClInclude>
    <ClInclude Include="..\src\aesGladman\fileenc.h">
      <Filter>src\aesGladman</Filter>
    </ClInclude>
    <ClInclude Include="..\src\aesGladman\hmac.h">
      <Filter>src\aesGladman</Filter>
    </ClInclude>
    <ClInclude Include="..\src\aesGladman\prng.h">
      <Filter>src\aesGladman</Filter>
    </ClInclude>
    <ClInclude Include="..\src\aesGladman\pwd2key.h">
      <Filter>src\aesGladman</Filter>
    </ClInclude>
    <ClInclude Include="..\src\aesGladman\sha1.h">
      <Filter>src\aesGladman</Filter>
    </ClInclude>
    <ClInclude Include="..\src\aesGladman\sha2.h">
      <Filter>src\aesGladman</Filter>
    </ClInclude>
    <ClInclude Include="..\include\aabbox3d.h">
      <Filter>include\core</Filter>
    </ClInclude>
    <ClInclude Include="..\include\coreutil.h">
      <Filter>include\core</Filter>
    </ClInclude>
    <ClInclude Include="..\include\dimension2d.h">
      <Filter>include\core</Filter>
    </ClInclude>
    <ClInclude Include="..\include\heapsort.h">
      <Filter>include\core</Filter>
    </ClInclude>
    <ClInclude Include="..\include\irrAllocator.h">
      <Filter>include\core</Filter>
    </ClInclude>
    <ClInclude Include="..\include\irrArray.h">
      <Filter>include\core</Filter>
    </ClInclude>
    <ClInclude Include="..\include\irrList.h">
      <Filter>include\core</Filter>
    </ClInclude>
    <ClInclude Include="..\include\irrMap.h">
      <Filter>include\core</Filter>
    </ClInclude>
    <ClInclude Include="..\include\irrMath.h">
      <Filter>include\core</Filter>
    </ClInclude>
    <ClInclude Include="..\include\irrString.h">
      <Filter>include\core</Filter>
    </ClInclude>
    <ClInclude Include="..\include\line2d.h">
      <Filter>include\core</Filter>
    </ClInclude>
    <ClInclude Include="..\include\line3d.h">
      <Filter>include\core</Filter>
    </ClInclude>
    <ClInclude Include="..\include\matrix4.h">
      <Filter>include\core</Filter>
    </ClInclude>
    <ClInclude Include="..\include\plane3d.h">
      <Filter>include\core</Filter>
    </ClInclude>
    <ClInclude Include="..\include\position2d.h">
      <Filter>include\core</Filter>
    </ClInclude>
    <ClInclude Include="..\include\quaternion.h">
      <Filter>include\core</Filter>
    </ClInclude>
    <ClInclude Include="..\include\rect.h">
      <Filter>include\core</Filter>
    </ClInclude>
    <ClInclude Include="..\include\triangle3d.h">
      <Filter>include\core</Filter>
    </ClInclude>
    <ClInclude Include="..\include\vector2d.h">
      <Filter>include\core</Filter>
    </ClInclude>
    <ClInclude Include="..\include\vector3d.h">
      <Filter>include\core</Filter>
    </ClInclude>
    <ClInclude Include="..\include\IGUISkin.h">
      <Filter>include\gui</Filter>
    </ClInclude>
    <ClInclude Include="..\include\IGUIButton.h">
      <Filter>include\gui</Filter>
    </ClInclude>
    <ClInclude Include="..\include\IGUIContextMenu.h">
      <Filter>include\gui</Filter>
    </ClInclude>
    <ClInclude Include="..\include\IGUIElement.h">
      <Filter>include\gui</Filter>
    </ClInclude>
    <ClInclude Include="..\include\IGUIElementFactory.h">
      <Filter>include\gui</Filter>
    </ClInclude>
    <ClInclude Include="..\include\IGUIFont.h">
      <Filter>include\gui</Filter>
    </ClInclude>
    <ClInclude Include="..\include\IGUIFontBitmap.h">
      <Filter>include\gui</Filter>
    </ClInclude>
    <ClInclude Include="..\include\IGUIImage.h">
      <Filter>include\gui</Filter>
    </ClInclude>
    <ClInclude Include="..\include\IGUIImageList.h">
      <Filter>include\gui</Filter>
    </ClInclude>
    <ClInclude Include="..\include\IGUIInOutFader.h">
      <Filter>include\gui</Filter>
    </ClInclude>
    <ClInclude Include="..\include\IGUIMeshViewer.h">
      <Filter>include\gui</Filter>
    </ClInclude>
    <ClInclude Include="..\include\IGUIScrollBar.h">
      <Filter>include\gui</Filter>
    </ClInclude>
    <ClInclude Include="..\include\IGUISpinBox.h">
      <Filter>include\gui</Filter>
    </ClInclude>
    <ClInclude Include="..\include\IGUISpriteBank.h">
      <Filter>include\gui</Filter>
    </ClInclude>
    <ClInclude Include="..\include\IGUIStaticText.h">
      <Filter>include\gui</Filter>
    </ClInclude>
    <ClInclude Include="..\include\IGUITabControl.h">
      <Filter>include\gui</Filter>
    </ClInclude>
    <ClInclude Include="..\include\IGUITable.h">
      <Filter>include\gui</Filter>
    </ClInclude>
    <ClInclude Include="..\include\IGUIToolbar.h">
      <Filter>include\gui</Filter>
    </ClInclude>
    <ClInclude Include="..\include\IGUIWindow.h">
      <Filter>include\gui</Filter>
    </ClInclude>
    <ClInclude Include="..\include\IGUICheckBox.h">
      <Filter>include\gui</Filter>
    </ClInclude>
    <ClInclude Include="..\include\IGUIColorSelectDialog.h">
      <Filter>include\gui</Filter>
    </ClInclude>
    <ClInclude Include="..\include\IGUIComboBox.h">
      <Filter>include\gui</Filter>
    </ClInclude>
    <ClInclude Include="..\include\IGUIEditBox.h">
      <Filter>include\gui</Filter>
    </ClInclude>
    <ClInclude Include="..\include\IGUIEnvironment.h">
      <Filter>include\gui</Filter>
    </ClInclude>
    <ClInclude Include="..\include\IGUIFileOpenDialog.h">
      <Filter>include\gui</Filter>
    </ClInclude>
    <ClInclude Include="..\include\IGUIListBox.h">
      <Filter>include\gui</Filter>
    </ClInclude>
    <ClInclude Include="..\include\IGUITreeView.h">
      <Filter>include\gui</Filter>
    </ClInclude>
    <ClInclude Include="..\include\EMessageBoxFlags.h">
      <Filter>include\gui</Filter>
    </ClInclude>
    <ClInclude Include="..\include\ICursorControl.h">
      <Filter>include\gui</Filter>
    </ClInclude>
    <ClInclude Include="..\include\EAttributes.h">
      <Filter>include\io</Filter>
    </ClInclude>
    <ClInclude Include="..\include\IAttributeExchangingObject.h">
      <Filter>include\io</Filter>
    </ClInclude>
    <ClInclude Include="..\include\IAttributes.h">
      <Filter>include\io</Filter>
    </ClInclude>
    <ClInclude Include="..\include\IFileList.h">
      <Filter>include\io</Filter>
    </ClInclude>
    <ClInclude Include="..\include\IFileSystem.h">
      <Filter>include\io</Filter>
    </ClInclude>
    <ClInclude Include="..\include\IReadFile.h">
      <Filter>include\io</Filter>
    </ClInclude>
    <ClInclude Include="..\include\irrXML.h">
      <Filter>include\io</Filter>
    </ClInclude>
    <ClInclude Include="..\include\IWriteFile.h">
      <Filter>include\io</Filter>
    </ClInclude>
    <ClInclude Include="..\include\IXMLWriter.h">
      <Filter>include\io</Filter>
    </ClInclude>
    <ClInclude Include="..\include\IXMLReader.h">
      <Filter>include\io</Filter>
    </ClInclude>
    <ClInclude Include="..\include\path.h">
      <Filter>include\io</Filter>
    </ClInclude>
    <ClInclude Include="..\include\IEventReceiver.h">
      <Filter>include</Filter>
    </ClInclude>
    <ClInclude Include="..\include\ILogger.h">
      <Filter>include</Filter>
    </ClInclude>
    <ClInclude Include="..\include\IOSOperator.h">
      <Filter>include</Filter>
    </ClInclude>
    <ClInclude Include="..\include\IRandomizer.h">
      <Filter>include</Filter>
    </ClInclude>
    <ClInclude Include="..\include\IReferenceCounted.h">
      <Filter>include</Filter>
    </ClInclude>
    <ClInclude Include="..\include\IrrCompileConfig.h">
      <Filter>include</Filter>
    </ClInclude>
    <ClInclude Include="..\include\irrlicht.h">
      <Filter>include</Filter>
    </ClInclude>
    <ClInclude Include="..\include\IrrlichtDevice.h">
      <Filter>include</Filter>
    </ClInclude>
    <ClInclude Include="..\include\irrTypes.h">
      <Filter>include</Filter>
    </ClInclude>
    <ClInclude Include="..\include\ITimer.h">
      <Filter>include</Filter>
    </ClInclude>
    <ClInclude Include="..\include\Keycodes.h">
      <Filter>include</Filter>
    </ClInclude>
    <ClInclude Include="..\include\SIrrCreationParameters.h">
      <Filter>include</Filter>
    </ClInclude>
    <ClInclude Include="..\include\SKeyMap.h">
      <Filter>include</Filter>
    </ClInclude>
    <ClInclude Include="..\include\EDriverFeatures.h">
      <Filter>include\video</Filter>
    </ClInclude>
    <ClInclude Include="..\include\EDriverTypes.h">
      <Filter>include\video</Filter>
    </ClInclude>
    <ClInclude Include="..\include\EMaterialFlags.h">
      <Filter>include\video</Filter>
    </ClInclude>
    <ClInclude Include="..\include\IGeometryCreator.h">
      <Filter>include\video</Filter>
    </ClInclude>
    <ClInclude Include="..\include\IGPUProgrammingServices.h">
      <Filter>include\video</Filter>
    </ClInclude>
    <ClInclude Include="..\include\IImage.h">
      <Filter>include\video</Filter>
    </ClInclude>
    <ClInclude Include="..\include\ITexture.h">
      <Filter>include\video</Filter>
    </ClInclude>
    <ClInclude Include="..\include\IShaderConstantSetCallBack.h">
      <Filter>include\video</Filter>
    </ClInclude>
    <ClInclude Include="..\include\IImageLoader.h">
      <Filter>include\video</Filter>
    </ClInclude>
    <ClInclude Include="..\include\IMaterialRenderer.h">
      <Filter>include\video</Filter>
    </ClInclude>
    <ClInclude Include="..\include\IMaterialRendererServices.h">
      <Filter>include\video</Filter>
    </ClInclude>
    <ClInclude Include="..\include\IVideoDriver.h">
      <Filter>include\video</Filter>
    </ClInclude>
    <ClInclude Include="..\include\IVideoModeList.h">
      <Filter>include\video</Filter>
    </ClInclude>
    <ClInclude Include="..\include\S3DVertex.h">
      <Filter>include\video</Filter>
    </ClInclude>
    <ClInclude Include="..\include\SColor.h">
      <Filter>include\video</Filter>
    </ClInclude>
    <ClInclude Include="..\include\SExposedVideoData.h">
      <Filter>include\video</Filter>
    </ClInclude>
    <ClInclude Include="..\include\SLight.h">
      <Filter>include\video</Filter>
    </ClInclude>
    <ClInclude Include="..\include\SMaterial.h">
      <Filter>include\video</Filter>
    </ClInclude>
    <ClInclude Include="..\include\SMaterialLayer.h">
      <Filter>include\video</Filter>
    </ClInclude>
    <ClInclude Include="..\include\IMesh.h">
      <Filter>include\scene</Filter>
    </ClInclude>
    <ClInclude Include="..\include\IMeshCache.h">
      <Filter>include\scene</Filter>
    </ClInclude>
    <ClInclude Include="..\include\IMeshBuffer.h">
      <Filter>include\scene</Filter>
    </ClInclude>
    <ClInclude Include="..\include\IMeshLoader.h">
      <Filter>include\scene</Filter>
    </ClInclude>
    <ClInclude Include="..\include\IMeshManipulator.h">
      <Filter>include\scene</Filter>
    </ClInclude>
    <ClInclude Include="..\include\IMeshSceneNode.h">
      <Filter>include\scene</Filter>
    </ClInclude>
    <ClInclude Include="..\include\IParticleAffector.h">
      <Filter>include\scene</Filter>
    </ClInclude>
    <ClInclude Include="..\include\IParticleCylinderEmitter.h">
      <Filter>include\scene</Filter>
    </ClInclude>
    <ClInclude Include="..\include\IParticleEmitter.h">
      <Filter>include\scene</Filter>
    </ClInclude>
    <ClInclude Include="..\include\IParticleGravityAffector.h">
      <Filter>include\scene</Filter>
    </ClInclude>
    <ClInclude Include="..\include\IParticleRingEmitter.h">
      <Filter>include\scene</Filter>
    </ClInclude>
    <ClInclude Include="..\include\IParticleRotationAffector.h">
      <Filter>include\scene</Filter>
    </ClInclude>
    <ClInclude Include="..\include\IParticleAnimatedMeshSceneNodeEmitter.h">
      <Filter>include\scene</Filter>
    </ClInclude>
    <ClInclude Include="..\include\IParticleAttractionAffector.h">
      <Filter>include\scene</Filter>
    </ClInclude>
    <ClInclude Include="..\include\IParticleBoxEmitter.h">
      <Filter>include\scene</Filter>
    </ClInclude>
    <ClInclude Include="..\include\IParticleFadeOutAffector.h">
      <Filter>include\scene</Filter>
    </ClInclude>
    <ClInclude Include="..\include\IParticleMeshEmitter.h">
      <Filter>include\scene</Filter>
    </ClInclude>
    <ClInclude Include="..\include\IParticleSphereEmitter.h">
      <Filter>include\scene</Filter>
    </ClInclude>
    <ClInclude Include="..\include\IParticleSystemSceneNode.h">
      <Filter>include\scene</Filter>
    </ClInclude>
    <ClInclude Include="..\include\CDynamicMeshBuffer.h">
      <Filter>include\scene</Filter>
    </ClInclude>
    <ClInclude Include="..\include\CIndexBuffer.h">
      <Filter>include\scene</Filter>
    </ClInclude>
    <ClInclude Include="..\include\CMeshBuffer.h">
      <Filter>include\scene</Filter>
    </ClInclude>
    <ClInclude Include="..\include\CVertexBuffer.h">
      <Filter>include\scene</Filter>
    </ClInclude>
    <ClInclude Include="..\include\ECullingTypes.h">
      <Filter>include\scene</Filter>
    </ClInclude>
    <ClInclude Include="..\include\EDebugSceneTypes.h">
      <Filter>include\scene</Filter>
    </ClInclude>
    <ClInclude Include="..\include\EMeshWriterEnums.h">
      <Filter>include\scene</Filter>
    </ClInclude>
    <ClInclude Include="..\include\EPrimitiveTypes.h">
      <Filter>include\scene</Filter>
    </ClInclude>
    <ClInclude Include="..\include\ESceneNodeAnimatorTypes.h">
      <Filter>include\scene</Filter>
    </ClInclude>
    <ClInclude Include="..\include\ESceneNodeTypes.h">
      <Filter>include\scene</Filter>
    </ClInclude>
    <ClInclude Include="..\include\IAnimatedMesh.h">
      <Filter>include\scene</Filter>
    </ClInclude>
    <ClInclude Include="..\include\IAnimatedMeshMD2.h">
      <Filter>include\scene</Filter>
    </ClInclude>
    <ClInclude Include="..\include\IAnimatedMeshMD3.h">
      <Filter>include\scene</Filter>
    </ClInclude>
    <ClInclude Include="..\include\IAnimatedMeshSceneNode.h">
      <Filter>include\scene</Filter>
    </ClInclude>
    <ClInclude Include="..\include\IBillboardSceneNode.h">
      <Filter>include\scene</Filter>
    </ClInclude>
    <ClInclude Include="..\include\ICameraSceneNode.h">
      <Filter>include\scene</Filter>
    </ClInclude>
    <ClInclude Include="..\include\IDummyTransformationSceneNode.h">
      <Filter>include\scene</Filter>
    </ClInclude>
    <ClInclude Include="..\include\ILightSceneNode.h">
      <Filter>include\scene</Filter>
    </ClInclude>
    <ClInclude Include="..\include\IMetaTriangleSelector.h">
      <Filter>include\scene</Filter>
    </ClInclude>
    <ClInclude Include="..\include\IQ3Shader.h">
      <Filter>include\scene</Filter>
    </ClInclude>
    <ClInclude Include="..\include\ISceneCollisionManager.h">
      <Filter>include\scene</Filter>
    </ClInclude>
    <ClInclude Include="..\include\ISceneLoader.h">
      <Filter>include\scene</Filter>
    </ClInclude>
    <ClInclude Include="..\include\ISceneManager.h">
      <Filter>include\scene</Filter>
    </ClInclude>
    <ClInclude Include="..\include\ISceneNode.h">
      <Filter>include\scene</Filter>
    </ClInclude>
    <ClInclude Include="..\include\ISceneNodeAnimator.h">
      <Filter>include\scene</Filter>
    </ClInclude>
    <ClInclude Include="..\include\ISceneNodeAnimatorCameraFPS.h">
      <Filter>include\scene</Filter>
    </ClInclude>
    <ClInclude Include="..\include\ISceneNodeAnimatorCameraMaya.h">
      <Filter>include\scene</Filter>
    </ClInclude>
    <ClInclude Include="..\include\ISceneNodeAnimatorCollisionResponse.h">
      <Filter>include\scene</Filter>
    </ClInclude>
    <ClInclude Include="..\include\ISceneNodeAnimatorFactory.h">
      <Filter>include\scene</Filter>
    </ClInclude>
    <ClInclude Include="..\include\ISceneNodeFactory.h">
      <Filter>include\scene</Filter>
    </ClInclude>
    <ClInclude Include="..\include\IShadowVolumeSceneNode.h">
      <Filter>include\scene</Filter>
    </ClInclude>
    <ClInclude Include="..\include\ISkinnedMesh.h">
      <Filter>include\scene</Filter>
    </ClInclude>
    <ClInclude Include="..\include\ITerrainSceneNode.h">
      <Filter>include\scene</Filter>
    </ClInclude>
    <ClInclude Include="..\include\ITriangleSelector.h">
      <Filter>include\scene</Filter>
    </ClInclude>
    <ClInclude Include="..\include\IVolumeLightSceneNode.h">
      <Filter>include\scene</Filter>
    </ClInclude>
    <ClInclude Include="..\include\SAnimatedMesh.h">
      <Filter>include\scene</Filter>
    </ClInclude>
    <ClInclude Include="..\include\SceneParameters.h">
      <Filter>include\scene</Filter>
    </ClInclude>
    <ClInclude Include="..\include\SMesh.h">
      <Filter>include\scene</Filter>
    </ClInclude>
    <ClInclude Include="..\include\SMeshBuffer.h">
      <Filter>include\scene</Filter>
    </ClInclude>
    <ClInclude Include="..\include\SMeshBufferLightMap.h">
      <Filter>include\scene</Filter>
    </ClInclude>
    <ClInclude Include="..\include\SMeshBufferTangents.h">
      <Filter>include\scene</Filter>
    </ClInclude>
    <ClInclude Include="..\include\SParticle.h">
      <Filter>include\scene</Filter>
    </ClInclude>
    <ClInclude Include="..\include\SSkinMeshBuffer.h">
      <Filter>include\scene</Filter>
    </ClInclude>
    <ClInclude Include="..\include\SViewFrustum.h">
      <Filter>include\scene</Filter>
    </ClInclude>
    <ClInclude Include="..\src\irrLicht\io\CAttributeImpl.h">
      <Filter>src\irrLicht\io</Filter>
    </ClInclude>
    <ClInclude Include="..\src\irrLicht\io\CAttributes.h">
      <Filter>src\irrLicht\io</Filter>
    </ClInclude>
    <ClInclude Include="..\src\irrLicht\io\CFileList.h">
      <Filter>src\irrLicht\io</Filter>
    </ClInclude>
    <ClInclude Include="..\src\irrLicht\io\CFileSystem.h">
      <Filter>src\irrLicht\io</Filter>
    </ClInclude>
    <ClInclude Include="..\src\irrLicht\io\CLimitReadFile.h">
      <Filter>src\irrLicht\io</Filter>
    </ClInclude>
    <ClInclude Include="..\src\irrLicht\io\CMemoryFile.h">
      <Filter>src\irrLicht\io</Filter>
    </ClInclude>
    <ClInclude Include="..\src\irrLicht\io\CMountPointReader.h">
      <Filter>src\irrLicht\io</Filter>
    </ClInclude>
    <ClInclude Include="..\src\irrLicht\io\CNPKReader.h">
      <Filter>src\irrLicht\io</Filter>
    </ClInclude>
    <ClInclude Include="..\src\irrLicht\io\CPakReader.h">
      <Filter>src\irrLicht\io</Filter>
    </ClInclude>
    <ClInclude Include="..\src\irrLicht\io\CReadFile.h">
      <Filter>src\irrLicht\io</Filter>
    </ClInclude>
    <ClInclude Include="..\src\irrLicht\io\CTarReader.h">
      <Filter>src\irrLicht\io</Filter>
    </ClInclude>
    <ClInclude Include="..\src\irrLicht\io\CWADReader.h">
      <Filter>src\irrLicht\io</Filter>
    </ClInclude>
    <ClInclude Include="..\src\irrLicht\io\CWriteFile.h">
      <Filter>src\irrLicht\io</Filter>
    </ClInclude>
    <ClInclude Include="..\src\irrLicht\io\CXMLReader.h">
      <Filter>src\irrLicht\io</Filter>
    </ClInclude>
    <ClInclude Include="..\src\irrLicht\io\CXMLReaderImpl.h">
      <Filter>src\irrLicht\io</Filter>
    </ClInclude>
    <ClInclude Include="..\src\irrLicht\io\CXMLWriter.h">
      <Filter>src\irrLicht\io</Filter>
    </ClInclude>
    <ClInclude Include="..\src\irrLicht\io\CZipReader.h">
      <Filter>src\irrLicht\io</Filter>
    </ClInclude>
    <ClInclude Include="..\src\irrLicht\io\IAttribute.h">
      <Filter>src\irrLicht\io</Filter>
    </ClInclude>
    <ClInclude Include="..\src\irrLicht\irr\CLogger.h">
      <Filter>src\irrLicht\irr</Filter>
    </ClInclude>
    <ClInclude Include="..\src\irrLicht\irr\COSOperator.h">
      <Filter>src\irrLicht\irr</Filter>
    </ClInclude>
    <ClInclude Include="..\src\irrLicht\irr\CTimer.h">
      <Filter>src\irrLicht\irr</Filter>
    </ClInclude>
    <ClInclude Include="..\src\irrLicht\irr\os.h">
      <Filter>src\irrLicht\irr</Filter>
    </ClInclude>
    <ClInclude Include="..\src\irrLicht\irr\device\CIrrDeviceConsole.h">
      <Filter>src\irrLicht\irr\device</Filter>
    </ClInclude>
    <ClInclude Include="..\src\irrLicht\irr\device\CIrrDeviceFB.h">
      <Filter>src\irrLicht\irr\device</Filter>
    </ClInclude>
    <ClInclude Include="..\src\irrLicht\irr\device\CIrrDeviceLinux.h">
      <Filter>src\irrLicht\irr\device</Filter>
    </ClInclude>
    <ClInclude Include="..\src\irrLicht\irr\device\CIrrDeviceMacOSX.h">
      <Filter>src\irrLicht\irr\device</Filter>
    </ClInclude>
    <ClInclude Include="..\src\irrLicht\irr\device\CIrrDeviceSDL.h">
      <Filter>src\irrLicht\irr\device</Filter>
    </ClInclude>
    <ClInclude Include="..\src\irrLicht\irr\device\CIrrDeviceStub.h">
      <Filter>src\irrLicht\irr\device</Filter>
    </ClInclude>
    <ClInclude Include="..\src\irrLicht\irr\device\CIrrDeviceWin32.h">
      <Filter>src\irrLicht\irr\device</Filter>
    </ClInclude>
    <ClInclude Include="..\src\irrLicht\irr\device\CIrrDeviceWinCE.h">
      <Filter>src\irrLicht\irr\device</Filter>
    </ClInclude>
    <ClInclude Include="..\src\irrLicht\scene\CDefaultSceneNodeAnimatorFactory.h">
      <Filter>src\irrLicht\scene</Filter>
    </ClInclude>
    <ClInclude Include="..\src\irrLicht\scene\CDefaultSceneNodeFactory.h">
      <Filter>src\irrLicht\scene</Filter>
    </ClInclude>
    <ClInclude Include="..\src\irrLicht\scene\CGeometryCreator.h">
      <Filter>src\irrLicht\scene</Filter>
    </ClInclude>
    <ClInclude Include="..\src\irrLicht\scene\CMeshCache.h">
      <Filter>src\irrLicht\scene</Filter>
    </ClInclude>
    <ClInclude Include="..\src\irrLicht\scene\CMeshManipulator.h">
      <Filter>src\irrLicht\scene</Filter>
    </ClInclude>
    <ClInclude Include="..\src\irrLicht\scene\CSceneLoaderIrr.h">
      <Filter>src\irrLicht\scene</Filter>
    </ClInclude>
    <ClInclude Include="..\src\irrLicht\scene\CSceneManager.h">
      <Filter>src\irrLicht\scene</Filter>
    </ClInclude>
    <ClInclude Include="..\src\irrLicht\scene\Octree.h">
      <Filter>src\irrLicht\scene</Filter>
    </ClInclude>
    <ClInclude Include="..\src\irrLicht\scene\animators\CSceneNodeAnimatorCameraFPS.h">
      <Filter>src\irrLicht\scene\animators</Filter>
    </ClInclude>
    <ClInclude Include="..\src\irrLicht\scene\animators\CSceneNodeAnimatorCameraMaya.h">
      <Filter>src\irrLicht\scene\animators</Filter>
    </ClInclude>
    <ClInclude Include="..\src\irrLicht\scene\animators\CSceneNodeAnimatorCollisionResponse.h">
      <Filter>src\irrLicht\scene\animators</Filter>
    </ClInclude>
    <ClInclude Include="..\src\irrLicht\scene\animators\CSceneNodeAnimatorDelete.h">
      <Filter>src\irrLicht\scene\animators</Filter>
    </ClInclude>
    <ClInclude Include="..\src\irrLicht\scene\animators\CSceneNodeAnimatorFlyCircle.h">
      <Filter>src\irrLicht\scene\animators</Filter>
    </ClInclude>
    <ClInclude Include="..\src\irrLicht\scene\animators\CSceneNodeAnimatorFlyStraight.h">
      <Filter>src\irrLicht\scene\animators</Filter>
    </ClInclude>
    <ClInclude Include="..\src\irrLicht\scene\animators\CSceneNodeAnimatorFollowSpline.h">
      <Filter>src\irrLicht\scene\animators</Filter>
    </ClInclude>
    <ClInclude Include="..\src\irrLicht\scene\animators\CSceneNodeAnimatorRotation.h">
      <Filter>src\irrLicht\scene\animators</Filter>
    </ClInclude>
    <ClInclude Include="..\src\irrLicht\scene\animators\CSceneNodeAnimatorTexture.h">
      <Filter>src\irrLicht\scene\animators</Filter>
    </ClInclude>
    <ClInclude Include="..\src\irrLicht\scene\collision\CMetaTriangleSelector.h">
      <Filter>src\irrLicht\scene\collision</Filter>
    </ClInclude>
    <ClInclude Include="..\src\irrLicht\scene\collision\COctreeTriangleSelector.h">
      <Filter>src\irrLicht\scene\collision</Filter>
    </ClInclude>
    <ClInclude Include="..\src\irrLicht\scene\collision\CSceneCollisionManager.h">
      <Filter>src\irrLicht\scene\collision</Filter>
    </ClInclude>
    <ClInclude Include="..\src\irrLicht\scene\collision\CTerrainTriangleSelector.h">
      <Filter>src\irrLicht\scene\collision</Filter>
    </ClInclude>
    <ClInclude Include="..\src\irrLicht\scene\collision\CTriangleBBSelector.h">
      <Filter>src\irrLicht\scene\collision</Filter>
    </ClInclude>
    <ClInclude Include="..\src\irrLicht\scene\collision\CTriangleSelector.h">
      <Filter>src\irrLicht\scene\collision</Filter>
    </ClInclude>
    <ClInclude Include="..\src\irrLicht\scene\loaders\C3DSMeshFileLoader.h">
      <Filter>src\irrLicht\scene\loaders</Filter>
    </ClInclude>
    <ClInclude Include="..\src\irrLicht\scene\loaders\CAnimatedMeshHalfLife.h">
      <Filter>src\irrLicht\scene\loaders</Filter>
    </ClInclude>
    <ClInclude Include="..\src\irrLicht\scene\loaders\CAnimatedMeshMD2.h">
      <Filter>src\irrLicht\scene\loaders</Filter>
    </ClInclude>
    <ClInclude Include="..\src\irrLicht\scene\loaders\CAnimatedMeshMD3.h">
      <Filter>src\irrLicht\scene\loaders</Filter>
    </ClInclude>
    <ClInclude Include="..\src\irrLicht\scene\loaders\CB3DMeshFileLoader.h">
      <Filter>src\irrLicht\scene\loaders</Filter>
    </ClInclude>
    <ClInclude Include="..\src\irrLicht\scene\loaders\CBSPMeshFileLoader.h">
      <Filter>src\irrLicht\scene\loaders</Filter>
    </ClInclude>
    <ClInclude Include="..\src\irrLicht\scene\loaders\CColladaFileLoader.h">
      <Filter>src\irrLicht\scene\loaders</Filter>
    </ClInclude>
    <ClInclude Include="..\src\irrLicht\scene\loaders\CCSMLoader.h">
      <Filter>src\irrLicht\scene\loaders</Filter>
    </ClInclude>
    <ClInclude Include="..\src\irrLicht\scene\loaders\CDMFLoader.h">
      <Filter>src\irrLicht\scene\loaders</Filter>
    </ClInclude>
    <ClInclude Include="..\src\irrLicht\scene\loaders\CIrrMeshFileLoader.h">
      <Filter>src\irrLicht\scene\loaders</Filter>
    </ClInclude>
    <ClInclude Include="..\src\irrLicht\scene\loaders\CLMTSMeshFileLoader.h">
      <Filter>src\irrLicht\scene\loaders</Filter>
    </ClInclude>
    <ClInclude Include="..\src\irrLicht\scene\loaders\CLWOMeshFileLoader.h">
      <Filter>src\irrLicht\scene\loaders</Filter>
    </ClInclude>
    <ClInclude Include="..\src\irrLicht\scene\loaders\CMD2MeshFileLoader.h">
      <Filter>src\irrLicht\scene\loaders</Filter>
    </ClInclude>
    <ClInclude Include="..\src\irrLicht\scene\loaders\CMD3MeshFileLoader.h">
      <Filter>src\irrLicht\scene\loaders</Filter>
    </ClInclude>
    <ClInclude Include="..\src\irrLicht\scene\loaders\CMS3DMeshFileLoader.h">
      <Filter>src\irrLicht\scene\loaders</Filter>
    </ClInclude>
    <ClInclude Include="..\src\irrLicht\scene\loaders\CMY3DHelper.h">
      <Filter>src\irrLicht\scene\loaders</Filter>
    </ClInclude>
    <ClInclude Include="..\src\irrLicht\scene\loaders\CMY3DMeshFileLoader.h">
      <Filter>src\irrLicht\scene\loaders</Filter>
    </ClInclude>
    <ClInclude Include="..\src\irrLicht\scene\loaders\COBJMeshFileLoader.h">
      <Filter>src\irrLicht\scene\loaders</Filter>
    </ClInclude>
    <ClInclude Include="..\src\irrLicht\scene\loaders\COCTLoader.h">
      <Filter>src\irrLicht\scene\loaders</Filter>
    </ClInclude>
    <ClInclude Include="..\src\irrLicht\scene\loaders\COgreMeshFileLoader.h">
      <Filter>src\irrLicht\scene\loaders</Filter>
    </ClInclude>
    <ClInclude Include="..\src\irrLicht\scene\loaders\CPLYMeshFileLoader.h">
      <Filter>src\irrLicht\scene\loaders</Filter>
    </ClInclude>
    <ClInclude Include="..\src\irrLicht\scene\loaders\CQ3LevelMesh.h">
      <Filter>src\irrLicht\scene\loaders</Filter>
    </ClInclude>
    <ClInclude Include="..\src\irrLicht\scene\loaders\CSkinnedMesh.h">
      <Filter>src\irrLicht\scene\loaders</Filter>
    </ClInclude>
    <ClInclude Include="..\src\irrLicht\scene\loaders\CSMFMeshFileLoader.h">
      <Filter>src\irrLicht\scene\loaders</Filter>
    </ClInclude>
    <ClInclude Include="..\src\irrLicht\scene\loaders\CSTLMeshFileLoader.h">
      <Filter>src\irrLicht\scene\loaders</Filter>
    </ClInclude>
    <ClInclude Include="..\src\irrLicht\scene\loaders\CXMeshFileLoader.h">
      <Filter>src\irrLicht\scene\loaders</Filter>
    </ClInclude>
    <ClInclude Include="..\src\irrLicht\scene\loaders\dmfsupport.h">
      <Filter>src\irrLicht\scene\loaders</Filter>
    </ClInclude>
    <ClInclude Include="..\src\irrLicht\scene\writers\CColladaMeshWriter.h">
      <Filter>src\irrLicht\scene\writers</Filter>
    </ClInclude>
    <ClInclude Include="..\src\irrLicht\scene\writers\CIrrMeshWriter.h">
      <Filter>src\irrLicht\scene\writers</Filter>
    </ClInclude>
    <ClInclude Include="..\src\irrLicht\scene\writers\COBJMeshWriter.h">
      <Filter>src\irrLicht\scene\writers</Filter>
    </ClInclude>
    <ClInclude Include="..\src\irrLicht\scene\writers\CPLYMeshWriter.h">
      <Filter>src\irrLicht\scene\writers</Filter>
    </ClInclude>
    <ClInclude Include="..\src\irrLicht\scene\writers\CSTLMeshWriter.h">
      <Filter>src\irrLicht\scene\writers</Filter>
    </ClInclude>
    <ClInclude Include="..\src\irrLicht\scene\particleSystem\CParticleAnimatedMeshSceneNodeEmitter.h">
      <Filter>src\irrLicht\scene\particleSystem</Filter>
    </ClInclude>
    <ClInclude Include="..\src\irrLicht\scene\particleSystem\CParticleAttractionAffector.h">
      <Filter>src\irrLicht\scene\particleSystem</Filter>
    </ClInclude>
    <ClInclude Include="..\src\irrLicht\scene\particleSystem\CParticleBoxEmitter.h">
      <Filter>src\irrLicht\scene\particleSystem</Filter>
    </ClInclude>
    <ClInclude Include="..\src\irrLicht\scene\particleSystem\CParticleCylinderEmitter.h">
      <Filter>src\irrLicht\scene\particleSystem</Filter>
    </ClInclude>
    <ClInclude Include="..\src\irrLicht\scene\particleSystem\CParticleFadeOutAffector.h">
      <Filter>src\irrLicht\scene\particleSystem</Filter>
    </ClInclude>
    <ClInclude Include="..\src\irrLicht\scene\particleSystem\CParticleGravityAffector.h">
      <Filter>src\irrLicht\scene\particleSystem</Filter>
    </ClInclude>
    <ClInclude Include="..\src\irrLicht\scene\particleSystem\CParticleMeshEmitter.h">
      <Filter>src\irrLicht\scene\particleSystem</Filter>
    </ClInclude>
    <ClInclude Include="..\src\irrLicht\scene\particleSystem\CParticlePointEmitter.h">
      <Filter>src\irrLicht\scene\particleSystem</Filter>
    </ClInclude>
    <ClInclude Include="..\src\irrLicht\scene\particleSystem\CParticleRingEmitter.h">
      <Filter>src\irrLicht\scene\particleSystem</Filter>
    </ClInclude>
    <ClInclude Include="..\src\irrLicht\scene\particleSystem\CParticleRotationAffector.h">
      <Filter>src\irrLicht\scene\particleSystem</Filter>
    </ClInclude>
    <ClInclude Include="..\src\irrLicht\scene\particleSystem\CParticleScaleAffector.h">
      <Filter>src\irrLicht\scene\particleSystem</Filter>
    </ClInclude>
    <ClInclude Include="..\src\irrLicht\scene\particleSystem\CParticleSphereEmitter.h">
      <Filter>src\irrLicht\scene\particleSystem</Filter>
    </ClInclude>
    <ClInclude Include="..\src\irrLicht\scene\particleSystem\CParticleSystemSceneNode.h">
      <Filter>src\irrLicht\scene\particleSystem</Filter>
    </ClInclude>
    <ClInclude Include="..\src\irrLicht\scene\sceneNodes\CAnimatedMeshSceneNode.h">
      <Filter>src\irrLicht\scene\sceneNodes</Filter>
    </ClInclude>
    <ClInclude Include="..\src\irrLicht\scene\sceneNodes\CBillboardSceneNode.h">
      <Filter>src\irrLicht\scene\sceneNodes</Filter>
    </ClInclude>
    <ClInclude Include="..\src\irrLicht\scene\sceneNodes\CBoneSceneNode.h">
      <Filter>src\irrLicht\scene\sceneNodes</Filter>
    </ClInclude>
    <ClInclude Include="..\src\irrLicht\scene\sceneNodes\CCameraSceneNode.h">
      <Filter>src\irrLicht\scene\sceneNodes</Filter>
    </ClInclude>
    <ClInclude Include="..\src\irrLicht\scene\sceneNodes\CCubeSceneNode.h">
      <Filter>src\irrLicht\scene\sceneNodes</Filter>
    </ClInclude>
    <ClInclude Include="..\src\irrLicht\scene\sceneNodes\CDummyTransformationSceneNode.h">
      <Filter>src\irrLicht\scene\sceneNodes</Filter>
    </ClInclude>
    <ClInclude Include="..\src\irrLicht\scene\sceneNodes\CEmptySceneNode.h">
      <Filter>src\irrLicht\scene\sceneNodes</Filter>
    </ClInclude>
    <ClInclude Include="..\src\irrLicht\scene\sceneNodes\CLightSceneNode.h">
      <Filter>src\irrLicht\scene\sceneNodes</Filter>
    </ClInclude>
    <ClInclude Include="..\src\irrLicht\scene\sceneNodes\CMeshSceneNode.h">
      <Filter>src\irrLicht\scene\sceneNodes</Filter>
    </ClInclude>
    <ClInclude Include="..\src\irrLicht\scene\sceneNodes\COctreeSceneNode.h">
      <Filter>src\irrLicht\scene\sceneNodes</Filter>
    </ClInclude>
    <ClInclude Include="..\src\irrLicht\scene\sceneNodes\CQuake3ShaderSceneNode.h">
      <Filter>src\irrLicht\scene\sceneNodes</Filter>
    </ClInclude>
    <ClInclude Include="..\src\irrLicht\scene\sceneNodes\CShadowVolumeSceneNode.h">
      <Filter>src\irrLicht\scene\sceneNodes</Filter>
    </ClInclude>
    <ClInclude Include="..\src\irrLicht\scene\sceneNodes\CSkyBoxSceneNode.h">
      <Filter>src\irrLicht\scene\sceneNodes</Filter>
    </ClInclude>
    <ClInclude Include="..\src\irrLicht\scene\sceneNodes\CSkyDomeSceneNode.h">
      <Filter>src\irrLicht\scene\sceneNodes</Filter>
    </ClInclude>
    <ClInclude Include="..\src\irrLicht\scene\sceneNodes\CSphereSceneNode.h">
      <Filter>src\irrLicht\scene\sceneNodes</Filter>
    </ClInclude>
    <ClInclude Include="..\src\irrLicht\scene\sceneNodes\CTerrainSceneNode.h">
      <Filter>src\irrLicht\scene\sceneNodes</Filter>
    </ClInclude>
    <ClInclude Include="..\src\irrLicht\scene\sceneNodes\CTextSceneNode.h">
      <Filter>src\irrLicht\scene\sceneNodes</Filter>
    </ClInclude>
    <ClInclude Include="..\src\irrLicht\scene\sceneNodes\CVolumeLightSceneNode.h">
      <Filter>src\irrLicht\scene\sceneNodes</Filter>
    </ClInclude>
    <ClInclude Include="..\src\irrLicht\scene\sceneNodes\CWaterSurfaceSceneNode.h">
      <Filter>src\irrLicht\scene\sceneNodes</Filter>
    </ClInclude>
    <ClInclude Include="..\src\irrLicht\video\CCgMaterialRenderer.h">
      <Filter>src\irrLicht\video</Filter>
    </ClInclude>
    <ClInclude Include="..\src\irrLicht\video\CVideoModeList.h">
      <Filter>src\irrLicht\video</Filter>
    </ClInclude>
    <ClInclude Include="..\src\irrLicht\video\BurningVideo\CDepthBuffer.h">
      <Filter>src\irrLicht\video\BurningVideo</Filter>
    </ClInclude>
    <ClInclude Include="..\src\irrLicht\video\BurningVideo\CSoftware2MaterialRenderer.h">
      <Filter>src\irrLicht\video\BurningVideo</Filter>
    </ClInclude>
    <ClInclude Include="..\src\irrLicht\video\BurningVideo\CSoftwareDriver2.h">
      <Filter>src\irrLicht\video\BurningVideo</Filter>
    </ClInclude>
    <ClInclude Include="..\src\irrLicht\video\BurningVideo\CSoftwareTexture2.h">
      <Filter>src\irrLicht\video\BurningVideo</Filter>
    </ClInclude>
    <ClInclude Include="..\src\irrLicht\video\BurningVideo\IBurningShader.h">
      <Filter>src\irrLicht\video\BurningVideo</Filter>
    </ClInclude>
    <ClInclude Include="..\src\irrLicht\video\BurningVideo\IDepthBuffer.h">
      <Filter>src\irrLicht\video\BurningVideo</Filter>
    </ClInclude>
    <ClInclude Include="..\src\irrLicht\video\BurningVideo\S4DVertex.h">
      <Filter>src\irrLicht\video\BurningVideo</Filter>
    </ClInclude>
    <ClInclude Include="..\src\irrLicht\video\BurningVideo\SoftwareDriver2_compile_config.h">
      <Filter>src\irrLicht\video\BurningVideo</Filter>
    </ClInclude>
    <ClInclude Include="..\src\irrLicht\video\BurningVideo\SoftwareDriver2_helper.h">
      <Filter>src\irrLicht\video\BurningVideo</Filter>
    </ClInclude>
    <ClInclude Include="..\src\irrLicht\video\Direct3D8\CD3D8Driver.h">
      <Filter>src\irrLicht\video\Direct3D8</Filter>
    </ClInclude>
    <ClInclude Include="..\src\irrLicht\video\Direct3D8\CD3D8MaterialRenderer.h">
      <Filter>src\irrLicht\video\Direct3D8</Filter>
    </ClInclude>
    <ClInclude Include="..\src\irrLicht\video\Direct3D8\CD3D8NormalMapRenderer.h">
      <Filter>src\irrLicht\video\Direct3D8</Filter>
    </ClInclude>
    <ClInclude Include="..\src\irrLicht\video\Direct3D8\CD3D8ParallaxMapRenderer.h">
      <Filter>src\irrLicht\video\Direct3D8</Filter>
    </ClInclude>
    <ClInclude Include="..\src\irrLicht\video\Direct3D8\CD3D8ShaderMaterialRenderer.h">
      <Filter>src\irrLicht\video\Direct3D8</Filter>
    </ClInclude>
    <ClInclude Include="..\src\irrLicht\video\Direct3D8\CD3D8Texture.h">
      <Filter>src\irrLicht\video\Direct3D8</Filter>
    </ClInclude>
    <ClInclude Include="..\src\irrLicht\video\Direct3D9\CD3D9CgMaterialRenderer.h">
      <Filter>src\irrLicht\video\Direct3D9</Filter>
    </ClInclude>
    <ClInclude Include="..\src\irrLicht\video\Direct3D9\CD3D9Driver.h">
      <Filter>src\irrLicht\video\Direct3D9</Filter>
    </ClInclude>
    <ClInclude Include="..\src\irrLicht\video\Direct3D9\CD3D9HLSLMaterialRenderer.h">
      <Filter>src\irrLicht\video\Direct3D9</Filter>
    </ClInclude>
    <ClInclude Include="..\src\irrLicht\video\Direct3D9\CD3D9MaterialRenderer.h">
      <Filter>src\irrLicht\video\Direct3D9</Filter>
    </ClInclude>
    <ClInclude Include="..\src\irrLicht\video\Direct3D9\CD3D9NormalMapRenderer.h">
      <Filter>src\irrLicht\video\Direct3D9</Filter>
    </ClInclude>
    <ClInclude Include="..\src\irrLicht\video\Direct3D9\CD3D9ParallaxMapRenderer.h">
      <Filter>src\irrLicht\video\Direct3D9</Filter>
    </ClInclude>
    <ClInclude Include="..\src\irrLicht\video\Direct3D9\CD3D9ShaderMaterialRenderer.h">
      <Filter>src\irrLicht\video\Direct3D9</Filter>
    </ClInclude>
    <ClInclude Include="..\src\irrLicht\video\Direct3D9\CD3D9Texture.h">
      <Filter>src\irrLicht\video\Direct3D9</Filter>
    </ClInclude>
    <ClInclude Include="..\src\irrLicht\video\Null\CColorConverter.h">
      <Filter>src\irrLicht\video\Null</Filter>
    </ClInclude>
    <ClInclude Include="..\src\irrLicht\video\Null\CFPSCounter.h">
      <Filter>src\irrLicht\video\Null</Filter>
    </ClInclude>
    <ClInclude Include="..\src\irrLicht\video\Null\CImage.h">
      <Filter>src\irrLicht\video\Null</Filter>
    </ClInclude>
    <ClInclude Include="..\src\irrLicht\video\Null\CNullDriver.h">
      <Filter>src\irrLicht\video\Null</Filter>
    </ClInclude>
    <ClInclude Include="..\src\irrLicht\video\Null\IImagePresenter.h">
      <Filter>src\irrLicht\video\Null</Filter>
    </ClInclude>
    <ClInclude Include="..\src\irrLicht\video\Null\Loader\CImageLoaderBMP.h">
      <Filter>src\irrLicht\video\Null\Loader</Filter>
    </ClInclude>
    <ClInclude Include="..\src\irrLicht\video\Null\Loader\CImageLoaderDDS.h">
      <Filter>src\irrLicht\video\Null\Loader</Filter>
    </ClInclude>
    <ClInclude Include="..\src\irrLicht\video\Null\Loader\CImageLoaderJPG.h">
      <Filter>src\irrLicht\video\Null\Loader</Filter>
    </ClInclude>
    <ClInclude Include="..\src\irrLicht\video\Null\Loader\CImageLoaderPCX.h">
      <Filter>src\irrLicht\video\Null\Loader</Filter>
    </ClInclude>
    <ClInclude Include="..\src\irrLicht\video\Null\Loader\CImageLoaderPNG.h">
      <Filter>src\irrLicht\video\Null\Loader</Filter>
    </ClInclude>
    <ClInclude Include="..\src\irrLicht\video\Null\Loader\CImageLoaderPPM.h">
      <Filter>src\irrLicht\video\Null\Loader</Filter>
    </ClInclude>
    <ClInclude Include="..\src\irrLicht\video\Null\Loader\CImageLoaderPSD.h">
      <Filter>src\irrLicht\video\Null\Loader</Filter>
    </ClInclude>
    <ClInclude Include="..\src\irrLicht\video\Null\Loader\CImageLoaderRGB.h">
      <Filter>src\irrLicht\video\Null\Loader</Filter>
    </ClInclude>
    <ClInclude Include="..\src\irrLicht\video\Null\Loader\CImageLoaderTGA.h">
      <Filter>src\irrLicht\video\Null\Loader</Filter>
    </ClInclude>
    <ClInclude Include="..\src\irrLicht\video\Null\Loader\CImageLoaderWAL.h">
      <Filter>src\irrLicht\video\Null\Loader</Filter>
    </ClInclude>
    <ClInclude Include="..\src\irrLicht\video\Null\Writer\CImageWriterBMP.h">
      <Filter>src\irrLicht\video\Null\Writer</Filter>
    </ClInclude>
    <ClInclude Include="..\src\irrLicht\video\Null\Writer\CImageWriterJPG.h">
      <Filter>src\irrLicht\video\Null\Writer</Filter>
    </ClInclude>
    <ClInclude Include="..\src\irrLicht\video\Null\Writer\CImageWriterPCX.h">
      <Filter>src\irrLicht\video\Null\Writer</Filter>
    </ClInclude>
    <ClInclude Include="..\src\irrLicht\video\Null\Writer\CImageWriterPNG.h">
      <Filter>src\irrLicht\video\Null\Writer</Filter>
    </ClInclude>
    <ClInclude Include="..\src\irrLicht\video\Null\Writer\CImageWriterPPM.h">
      <Filter>src\irrLicht\video\Null\Writer</Filter>
    </ClInclude>
    <ClInclude Include="..\src\irrLicht\video\Null\Writer\CImageWriterPSD.h">
      <Filter>src\irrLicht\video\Null\Writer</Filter>
    </ClInclude>
    <ClInclude Include="..\src\irrLicht\video\Null\Writer\CImageWriterTGA.h">
      <Filter>src\irrLicht\video\Null\Writer</Filter>
    </ClInclude>
    <ClInclude Include="..\src\irrLicht\video\OpenGL\COpenGLCgMaterialRenderer.h">
      <Filter>src\irrLicht\video\OpenGL</Filter>
    </ClInclude>
    <ClInclude Include="..\src\irrLicht\video\OpenGL\COpenGLDriver.h">
      <Filter>src\irrLicht\video\OpenGL</Filter>
    </ClInclude>
    <ClInclude Include="..\src\irrLicht\video\OpenGL\COpenGLExtensionHandler.h">
      <Filter>src\irrLicht\video\OpenGL</Filter>
    </ClInclude>
    <ClInclude Include="..\src\irrLicht\video\OpenGL\COpenGLMaterialRenderer.h">
      <Filter>src\irrLicht\video\OpenGL</Filter>
    </ClInclude>
    <ClInclude Include="..\src\irrLicht\video\OpenGL\COpenGLNormalMapRenderer.h">
      <Filter>src\irrLicht\video\OpenGL</Filter>
    </ClInclude>
    <ClInclude Include="..\src\irrLicht\video\OpenGL\COpenGLParallaxMapRenderer.h">
      <Filter>src\irrLicht\video\OpenGL</Filter>
    </ClInclude>
    <ClInclude Include="..\src\irrLicht\video\OpenGL\COpenGLShaderMaterialRenderer.h">
      <Filter>src\irrLicht\video\OpenGL</Filter>
    </ClInclude>
    <ClInclude Include="..\src\irrLicht\video\OpenGL\COpenGLSLMaterialRenderer.h">
      <Filter>src\irrLicht\video\OpenGL</Filter>
    </ClInclude>
    <ClInclude Include="..\src\irrLicht\video\OpenGL\COpenGLTexture.h">
      <Filter>src\irrLicht\video\OpenGL</Filter>
    </ClInclude>
    <ClInclude Include="..\src\irrLicht\video\OpenGL\glext.h">
      <Filter>src\irrLicht\video\OpenGL</Filter>
    </ClInclude>
    <ClInclude Include="..\src\irrLicht\video\OpenGL\wglext.h">
      <Filter>src\irrLicht\video\OpenGL</Filter>
    </ClInclude>
    <ClInclude Include="..\src\irrLicht\video\Software\CSoftwareDriver.h">
      <Filter>src\irrLicht\video\Software</Filter>
    </ClInclude>
    <ClInclude Include="..\src\irrLicht\video\Software\CSoftwareTexture.h">
      <Filter>src\irrLicht\video\Software</Filter>
    </ClInclude>
    <ClInclude Include="..\src\irrLicht\video\Software\CTRTextureGouraud.h">
      <Filter>src\irrLicht\video\Software</Filter>
    </ClInclude>
    <ClInclude Include="..\src\irrLicht\video\Software\CZBuffer.h">
      <Filter>src\irrLicht\video\Software</Filter>
    </ClInclude>
    <ClInclude Include="..\src\irrLicht\video\Software\ITriangleRenderer.h">
      <Filter>src\irrLicht\video\Software</Filter>
    </ClInclude>
    <ClInclude Include="..\src\irrLicht\video\Software\IZBuffer.h">
      <Filter>src\irrLicht\video\Software</Filter>
    </ClInclude>
    <ClInclude Include="..\src\irrLicht\video\Software\S2DVertex.h">
      <Filter>src\irrLicht\video\Software</Filter>
    </ClInclude>
    <ClInclude Include="..\src\irrLicht\gui\BuiltInFont.h">
      <Filter>src\irrLicht\gui</Filter>
    </ClInclude>
    <ClInclude Include="..\src\irrLicht\gui\CDefaultGUIElementFactory.h">
      <Filter>src\irrLicht\gui</Filter>
    </ClInclude>
    <ClInclude Include="..\src\irrLicht\gui\CGUIButton.h">
      <Filter>src\irrLicht\gui</Filter>
    </ClInclude>
    <ClInclude Include="..\src\irrLicht\gui\CGUICheckBox.h">
      <Filter>src\irrLicht\gui</Filter>
    </ClInclude>
    <ClInclude Include="..\src\irrLicht\gui\CGUIColorSelectDialog.h">
      <Filter>src\irrLicht\gui</Filter>
    </ClInclude>
    <ClInclude Include="..\src\irrLicht\gui\CGUIComboBox.h">
      <Filter>src\irrLicht\gui</Filter>
    </ClInclude>
    <ClInclude Include="..\src\irrLicht\gui\CGUIContextMenu.h">
      <Filter>src\irrLicht\gui</Filter>
    </ClInclude>
    <ClInclude Include="..\src\irrLicht\gui\CGUIEditBox.h">
      <Filter>src\irrLicht\gui</Filter>
    </ClInclude>
    <ClInclude Include="..\src\irrLicht\gui\CGUIEnvironment.h">
      <Filter>src\irrLicht\gui</Filter>
    </ClInclude>
    <ClInclude Include="..\src\irrLicht\gui\CGUIFileOpenDialog.h">
      <Filter>src\irrLicht\gui</Filter>
    </ClInclude>
    <ClInclude Include="..\src\irrLicht\gui\CGUIFont.h">
      <Filter>src\irrLicht\gui</Filter>
    </ClInclude>
    <ClInclude Include="..\src\irrLicht\gui\CGUIImage.h">
      <Filter>src\irrLicht\gui</Filter>
    </ClInclude>
    <ClInclude Include="..\src\irrLicht\gui\CGUIImageList.h">
      <Filter>src\irrLicht\gui</Filter>
    </ClInclude>
    <ClInclude Include="..\src\irrLicht\gui\CGUIInOutFader.h">
      <Filter>src\irrLicht\gui</Filter>
    </ClInclude>
    <ClInclude Include="..\src\irrLicht\gui\CGUIListBox.h">
      <Filter>src\irrLicht\gui</Filter>
    </ClInclude>
    <ClInclude Include="..\src\irrLicht\gui\CGUIMenu.h">
      <Filter>src\irrLicht\gui</Filter>
    </ClInclude>
    <ClInclude Include="..\src\irrLicht\gui\CGUIMeshViewer.h">
      <Filter>src\irrLicht\gui</Filter>
    </ClInclude>
    <ClInclude Include="..\src\irrLicht\gui\CGUIMessageBox.h">
      <Filter>src\irrLicht\gui</Filter>
    </ClInclude>
    <ClInclude Include="..\src\irrLicht\gui\CGUIModalScreen.h">
      <Filter>src\irrLicht\gui</Filter>
    </ClInclude>
    <ClInclude Include="..\src\irrLicht\gui\CGUIScrollBar.h">
      <Filter>src\irrLicht\gui</Filter>
    </ClInclude>
    <ClInclude Include="..\src\irrLicht\gui\CGUISkin.h">
      <Filter>src\irrLicht\gui</Filter>
    </ClInclude>
    <ClInclude Include="..\src\irrLicht\gui\CGUISpinBox.h">
      <Filter>src\irrLicht\gui</Filter>
    </ClInclude>
    <ClInclude Include="..\src\irrLicht\gui\CGUISpriteBank.h">
      <Filter>src\irrLicht\gui</Filter>
    </ClInclude>
    <ClInclude Include="..\src\irrLicht\gui\CGUIStaticText.h">
      <Filter>src\irrLicht\gui</Filter>
    </ClInclude>
    <ClInclude Include="..\src\irrLicht\gui\CGUITabControl.h">
      <Filter>src\irrLicht\gui</Filter>
    </ClInclude>
    <ClInclude Include="..\src\irrLicht\gui\CGUITable.h">
      <Filter>src\irrLicht\gui</Filter>
    </ClInclude>
    <ClInclude Include="..\src\irrLicht\gui\CGUIToolBar.h">
      <Filter>src\irrLicht\gui</Filter>
    </ClInclude>
    <ClInclude Include="..\src\irrLicht\gui\CGUITreeView.h">
      <Filter>src\irrLicht\gui</Filter>
    </ClInclude>
    <ClInclude Include="..\src\irrLicht\gui\CGUIWindow.h">
      <Filter>src\irrLicht\gui</Filter>
    </ClInclude>
    <ClInclude Include="..\src\bzip2\bzlib.h">
      <Filter>src\bzip2</Filter>
    </ClInclude>
    <ClInclude Include="..\src\bzip2\bzlib_private.h">
      <Filter>src\bzip2</Filter>
    </ClInclude>
    <ClInclude Include="..\src\jpeglib\cderror.h">
      <Filter>src\jpeglib</Filter>
    </ClInclude>
    <ClInclude Include="..\src\jpeglib\cdjpeg.h">
      <Filter>src\jpeglib</Filter>
    </ClInclude>
    <ClInclude Include="..\src\jpeglib\jconfig.h">
      <Filter>src\jpeglib</Filter>
    </ClInclude>
    <ClInclude Include="..\src\jpeglib\jdct.h">
      <Filter>src\jpeglib</Filter>
    </ClInclude>
    <ClInclude Include="..\src\jpeglib\jerror.h">
      <Filter>src\jpeglib</Filter>
    </ClInclude>
    <ClInclude Include="..\src\jpeglib\jinclude.h">
      <Filter>src\jpeglib</Filter>
    </ClInclude>
    <ClInclude Include="..\src\jpeglib\jmemsys.h">
      <Filter>src\jpeglib</Filter>
    </ClInclude>
    <ClInclude Include="..\src\jpeglib\jmorecfg.h">
      <Filter>src\jpeglib</Filter>
    </ClInclude>
    <ClInclude Include="..\src\jpeglib\jpegint.h">
      <Filter>src\jpeglib</Filter>
    </ClInclude>
    <ClInclude Include="..\src\jpeglib\jpeglib.h">
      <Filter>src\jpeglib</Filter>
    </ClInclude>
    <ClInclude Include="..\src\jpeglib\jversion.h">
      <Filter>src\jpeglib</Filter>
    </ClInclude>
    <ClInclude Include="..\src\jpeglib\transupp.h">
      <Filter>src\jpeglib</Filter>
    </ClInclude>
  </ItemGroup>
  <ItemGroup>
    <Text Include="..\src\aesGladman\Readme.txt">
      <Filter>src\aesGladman</Filter>
    </Text>
  </ItemGroup>
</Project>